// !$*UTF8*$!
{
	archiveVersion = 1;
	classes = {
	};
	objectVersion = 56;
	objects = {

/* Begin PBXBuildFile section */
		FA134F5B2A37E31C00D56104 /* Pedal.swift in Sources */ = {isa = PBXBuildFile; fileRef = FA134F5A2A37E31C00D56104 /* Pedal.swift */; };
		FA134F602A37F7D700D56104 /* data.json in Resources */ = {isa = PBXBuildFile; fileRef = FA134F5C2A37F18700D56104 /* data.json */; };
		FA2A821D2A38433000013020 /* HomeTableViewController.swift in Sources */ = {isa = PBXBuildFile; fileRef = FA2A821C2A38433000013020 /* HomeTableViewController.swift */; };
		FA2A821F2A38487B00013020 /* PedalTableViewCell.swift in Sources */ = {isa = PBXBuildFile; fileRef = FA2A821E2A38487B00013020 /* PedalTableViewCell.swift */; };
		FA2A82212A39194300013020 /* PedalTableViewController.swift in Sources */ = {isa = PBXBuildFile; fileRef = FA2A82202A39194300013020 /* PedalTableViewController.swift */; };
		FA2A82232A3919F400013020 /* DetailViewController.swift in Sources */ = {isa = PBXBuildFile; fileRef = FA2A82222A3919F400013020 /* DetailViewController.swift */; };
		FA4364BE2A3A58370028071C /* DetailTableViewController.swift in Sources */ = {isa = PBXBuildFile; fileRef = FA4364BD2A3A58370028071C /* DetailTableViewController.swift */; };
		FA4364C02A3A61D50028071C /* PedalImageCell.swift in Sources */ = {isa = PBXBuildFile; fileRef = FA4364BF2A3A61D50028071C /* PedalImageCell.swift */; };
		FA6DB3022A44F59700351D3A /* InfoTableViewController.swift in Sources */ = {isa = PBXBuildFile; fileRef = FA6DB3012A44F59700351D3A /* InfoTableViewController.swift */; };
		FAC5F7332A3A7346004253C3 /* TestTableViewController.swift in Sources */ = {isa = PBXBuildFile; fileRef = FAC5F7322A3A7346004253C3 /* TestTableViewController.swift */; };
		FAC5F7352A3A74C7004253C3 /* TestTableViewCell.swift in Sources */ = {isa = PBXBuildFile; fileRef = FAC5F7342A3A74C7004253C3 /* TestTableViewCell.swift */; };
		FAC5F7372A3A7BAC004253C3 /* ControlTableViewCell.swift in Sources */ = {isa = PBXBuildFile; fileRef = FAC5F7362A3A7BAC004253C3 /* ControlTableViewCell.swift */; };
		FAC5F7392A424990004253C3 /* SettingsTableViewController.swift in Sources */ = {isa = PBXBuildFile; fileRef = FAC5F7382A424990004253C3 /* SettingsTableViewController.swift */; };
		FACD72E12A326BB900D967F6 /* AppDelegate.swift in Sources */ = {isa = PBXBuildFile; fileRef = FACD72E02A326BB900D967F6 /* AppDelegate.swift */; };
		FACD72E32A326BB900D967F6 /* SceneDelegate.swift in Sources */ = {isa = PBXBuildFile; fileRef = FACD72E22A326BB900D967F6 /* SceneDelegate.swift */; };
		FACD72E82A326BB900D967F6 /* Main.storyboard in Resources */ = {isa = PBXBuildFile; fileRef = FACD72E62A326BB900D967F6 /* Main.storyboard */; };
		FACD72EA2A326BBC00D967F6 /* Assets.xcassets in Resources */ = {isa = PBXBuildFile; fileRef = FACD72E92A326BBC00D967F6 /* Assets.xcassets */; };
		FACD72ED2A326BBC00D967F6 /* LaunchScreen.storyboard in Resources */ = {isa = PBXBuildFile; fileRef = FACD72EB2A326BBC00D967F6 /* LaunchScreen.storyboard */; };
		FACD72F72A32734A00D967F6 /* PedalCollectionViewCell.swift in Sources */ = {isa = PBXBuildFile; fileRef = FACD72F62A32734A00D967F6 /* PedalCollectionViewCell.swift */; };
		FACD72F92A32740600D967F6 /* HomeCollectionViewController.swift in Sources */ = {isa = PBXBuildFile; fileRef = FACD72F82A32740600D967F6 /* HomeCollectionViewController.swift */; };
		FACD72FB2A327E3B00D967F6 /* PedalViewController.swift in Sources */ = {isa = PBXBuildFile; fileRef = FACD72FA2A327E3B00D967F6 /* PedalViewController.swift */; };
/* End PBXBuildFile section */

/* Begin PBXFileReference section */
		FA134F5A2A37E31C00D56104 /* Pedal.swift */ = {isa = PBXFileReference; lastKnownFileType = sourcecode.swift; path = Pedal.swift; sourceTree = "<group>"; };
		FA134F5C2A37F18700D56104 /* data.json */ = {isa = PBXFileReference; lastKnownFileType = text.json; name = data.json; path = mtl_asm/data.json; sourceTree = "<group>"; };
		FA2A821C2A38433000013020 /* HomeTableViewController.swift */ = {isa = PBXFileReference; lastKnownFileType = sourcecode.swift; path = HomeTableViewController.swift; sourceTree = "<group>"; };
		FA2A821E2A38487B00013020 /* PedalTableViewCell.swift */ = {isa = PBXFileReference; lastKnownFileType = sourcecode.swift; path = PedalTableViewCell.swift; sourceTree = "<group>"; };
		FA2A82202A39194300013020 /* PedalTableViewController.swift */ = {isa = PBXFileReference; lastKnownFileType = sourcecode.swift; path = PedalTableViewController.swift; sourceTree = "<group>"; };
		FA2A82222A3919F400013020 /* DetailViewController.swift */ = {isa = PBXFileReference; lastKnownFileType = sourcecode.swift; path = DetailViewController.swift; sourceTree = "<group>"; };
		FA4364BD2A3A58370028071C /* DetailTableViewController.swift */ = {isa = PBXFileReference; lastKnownFileType = sourcecode.swift; path = DetailTableViewController.swift; sourceTree = "<group>"; };
		FA4364BF2A3A61D50028071C /* PedalImageCell.swift */ = {isa = PBXFileReference; lastKnownFileType = sourcecode.swift; path = PedalImageCell.swift; sourceTree = "<group>"; };
		FA6DB3012A44F59700351D3A /* InfoTableViewController.swift */ = {isa = PBXFileReference; lastKnownFileType = sourcecode.swift; path = InfoTableViewController.swift; sourceTree = "<group>"; };
		FAC5F7322A3A7346004253C3 /* TestTableViewController.swift */ = {isa = PBXFileReference; lastKnownFileType = sourcecode.swift; path = TestTableViewController.swift; sourceTree = "<group>"; };
		FAC5F7342A3A74C7004253C3 /* TestTableViewCell.swift */ = {isa = PBXFileReference; lastKnownFileType = sourcecode.swift; path = TestTableViewCell.swift; sourceTree = "<group>"; };
		FAC5F7362A3A7BAC004253C3 /* ControlTableViewCell.swift */ = {isa = PBXFileReference; lastKnownFileType = sourcecode.swift; path = ControlTableViewCell.swift; sourceTree = "<group>"; };
		FAC5F7382A424990004253C3 /* SettingsTableViewController.swift */ = {isa = PBXFileReference; lastKnownFileType = sourcecode.swift; path = SettingsTableViewController.swift; sourceTree = "<group>"; };
		FACD72DD2A326BB900D967F6 /* mtl_asm.app */ = {isa = PBXFileReference; explicitFileType = wrapper.application; includeInIndex = 0; path = mtl_asm.app; sourceTree = BUILT_PRODUCTS_DIR; };
		FACD72E02A326BB900D967F6 /* AppDelegate.swift */ = {isa = PBXFileReference; lastKnownFileType = sourcecode.swift; path = AppDelegate.swift; sourceTree = "<group>"; };
		FACD72E22A326BB900D967F6 /* SceneDelegate.swift */ = {isa = PBXFileReference; lastKnownFileType = sourcecode.swift; path = SceneDelegate.swift; sourceTree = "<group>"; };
		FACD72E72A326BB900D967F6 /* Base */ = {isa = PBXFileReference; lastKnownFileType = file.storyboard; name = Base; path = Base.lproj/Main.storyboard; sourceTree = "<group>"; };
		FACD72E92A326BBC00D967F6 /* Assets.xcassets */ = {isa = PBXFileReference; lastKnownFileType = folder.assetcatalog; path = Assets.xcassets; sourceTree = "<group>"; };
		FACD72EC2A326BBC00D967F6 /* Base */ = {isa = PBXFileReference; lastKnownFileType = file.storyboard; name = Base; path = Base.lproj/LaunchScreen.storyboard; sourceTree = "<group>"; };
		FACD72EE2A326BBC00D967F6 /* Info.plist */ = {isa = PBXFileReference; lastKnownFileType = text.plist.xml; path = Info.plist; sourceTree = "<group>"; };
		FACD72F62A32734A00D967F6 /* PedalCollectionViewCell.swift */ = {isa = PBXFileReference; lastKnownFileType = sourcecode.swift; path = PedalCollectionViewCell.swift; sourceTree = "<group>"; };
		FACD72F82A32740600D967F6 /* HomeCollectionViewController.swift */ = {isa = PBXFileReference; lastKnownFileType = sourcecode.swift; path = HomeCollectionViewController.swift; sourceTree = "<group>"; };
		FACD72FA2A327E3B00D967F6 /* PedalViewController.swift */ = {isa = PBXFileReference; lastKnownFileType = sourcecode.swift; path = PedalViewController.swift; sourceTree = "<group>"; };
/* End PBXFileReference section */

/* Begin PBXFrameworksBuildPhase section */
		FACD72DA2A326BB900D967F6 /* Frameworks */ = {
			isa = PBXFrameworksBuildPhase;
			buildActionMask = 2147483647;
			files = (
			);
			runOnlyForDeploymentPostprocessing = 0;
		};
/* End PBXFrameworksBuildPhase section */

/* Begin PBXGroup section */
		FACD72D42A326BB900D967F6 = {
			isa = PBXGroup;
			children = (
				FA134F5C2A37F18700D56104 /* data.json */,
				FACD72DF2A326BB900D967F6 /* mtl_asm */,
				FACD72DE2A326BB900D967F6 /* Products */,
			);
			sourceTree = "<group>";
		};
		FACD72DE2A326BB900D967F6 /* Products */ = {
			isa = PBXGroup;
			children = (
				FACD72DD2A326BB900D967F6 /* mtl_asm.app */,
			);
			name = Products;
			sourceTree = "<group>";
		};
		FACD72DF2A326BB900D967F6 /* mtl_asm */ = {
			isa = PBXGroup;
			children = (
				FA4364BD2A3A58370028071C /* DetailTableViewController.swift */,
				FAC5F7362A3A7BAC004253C3 /* ControlTableViewCell.swift */,
				FACD72FA2A327E3B00D967F6 /* PedalViewController.swift */,
				FACD72E02A326BB900D967F6 /* AppDelegate.swift */,
				FACD72E22A326BB900D967F6 /* SceneDelegate.swift */,
				FACD72E62A326BB900D967F6 /* Main.storyboard */,
				FA6DB3012A44F59700351D3A /* InfoTableViewController.swift */,
				FAC5F7382A424990004253C3 /* SettingsTableViewController.swift */,
				FAC5F7322A3A7346004253C3 /* TestTableViewController.swift */,
				FAC5F7342A3A74C7004253C3 /* TestTableViewCell.swift */,
				FA4364BF2A3A61D50028071C /* PedalImageCell.swift */,
				FA2A82222A3919F400013020 /* DetailViewController.swift */,
				FA2A821E2A38487B00013020 /* PedalTableViewCell.swift */,
				FA2A82202A39194300013020 /* PedalTableViewController.swift */,
				FA2A821C2A38433000013020 /* HomeTableViewController.swift */,
				FACD72F62A32734A00D967F6 /* PedalCollectionViewCell.swift */,
				FA134F5A2A37E31C00D56104 /* Pedal.swift */,
				FACD72F82A32740600D967F6 /* HomeCollectionViewController.swift */,
				FACD72E92A326BBC00D967F6 /* Assets.xcassets */,
				FACD72EB2A326BBC00D967F6 /* LaunchScreen.storyboard */,
				FACD72EE2A326BBC00D967F6 /* Info.plist */,
			);
			path = mtl_asm;
			sourceTree = "<group>";
		};
/* End PBXGroup section */

/* Begin PBXNativeTarget section */
		FACD72DC2A326BB900D967F6 /* mtl_asm */ = {
			isa = PBXNativeTarget;
			buildConfigurationList = FACD72F12A326BBC00D967F6 /* Build configuration list for PBXNativeTarget "mtl_asm" */;
			buildPhases = (
				FACD72D92A326BB900D967F6 /* Sources */,
				FACD72DA2A326BB900D967F6 /* Frameworks */,
				FACD72DB2A326BB900D967F6 /* Resources */,
			);
			buildRules = (
			);
			dependencies = (
			);
			name = mtl_asm;
			productName = mtl_asm;
			productReference = FACD72DD2A326BB900D967F6 /* mtl_asm.app */;
			productType = "com.apple.product-type.application";
		};
/* End PBXNativeTarget section */

/* Begin PBXProject section */
		FACD72D52A326BB900D967F6 /* Project object */ = {
			isa = PBXProject;
			attributes = {
				BuildIndependentTargetsInParallel = 1;
				LastSwiftUpdateCheck = 1420;
				LastUpgradeCheck = 1420;
				TargetAttributes = {
					FACD72DC2A326BB900D967F6 = {
						CreatedOnToolsVersion = 14.2;
					};
				};
			};
			buildConfigurationList = FACD72D82A326BB900D967F6 /* Build configuration list for PBXProject "mtl_asm" */;
			compatibilityVersion = "Xcode 14.0";
			developmentRegion = en;
			hasScannedForEncodings = 0;
			knownRegions = (
				en,
				Base,
			);
			mainGroup = FACD72D42A326BB900D967F6;
			productRefGroup = FACD72DE2A326BB900D967F6 /* Products */;
			projectDirPath = "";
			projectRoot = "";
			targets = (
				FACD72DC2A326BB900D967F6 /* mtl_asm */,
			);
		};
/* End PBXProject section */

/* Begin PBXResourcesBuildPhase section */
		FACD72DB2A326BB900D967F6 /* Resources */ = {
			isa = PBXResourcesBuildPhase;
			buildActionMask = 2147483647;
			files = (
				FA134F602A37F7D700D56104 /* data.json in Resources */,
				FACD72ED2A326BBC00D967F6 /* LaunchScreen.storyboard in Resources */,
				FACD72EA2A326BBC00D967F6 /* Assets.xcassets in Resources */,
				FACD72E82A326BB900D967F6 /* Main.storyboard in Resources */,
			);
			runOnlyForDeploymentPostprocessing = 0;
		};
/* End PBXResourcesBuildPhase section */

/* Begin PBXSourcesBuildPhase section */
		FACD72D92A326BB900D967F6 /* Sources */ = {
			isa = PBXSourcesBuildPhase;
			buildActionMask = 2147483647;
			files = (
				FA4364C02A3A61D50028071C /* PedalImageCell.swift in Sources */,
				FACD72E12A326BB900D967F6 /* AppDelegate.swift in Sources */,
				FA4364BE2A3A58370028071C /* DetailTableViewController.swift in Sources */,
				FA2A82212A39194300013020 /* PedalTableViewController.swift in Sources */,
				FACD72F92A32740600D967F6 /* HomeCollectionViewController.swift in Sources */,
				FAC5F7372A3A7BAC004253C3 /* ControlTableViewCell.swift in Sources */,
				FAC5F7352A3A74C7004253C3 /* TestTableViewCell.swift in Sources */,
				FACD72FB2A327E3B00D967F6 /* PedalViewController.swift in Sources */,
				FACD72F72A32734A00D967F6 /* PedalCollectionViewCell.swift in Sources */,
				FA2A821F2A38487B00013020 /* PedalTableViewCell.swift in Sources */,
				FAC5F7332A3A7346004253C3 /* TestTableViewController.swift in Sources */,
				FA2A821D2A38433000013020 /* HomeTableViewController.swift in Sources */,
				FAC5F7392A424990004253C3 /* SettingsTableViewController.swift in Sources */,
				FA6DB3022A44F59700351D3A /* InfoTableViewController.swift in Sources */,
				FA2A82232A3919F400013020 /* DetailViewController.swift in Sources */,
				FA134F5B2A37E31C00D56104 /* Pedal.swift in Sources */,
				FACD72E32A326BB900D967F6 /* SceneDelegate.swift in Sources */,
			);
			runOnlyForDeploymentPostprocessing = 0;
		};
/* End PBXSourcesBuildPhase section */

/* Begin PBXVariantGroup section */
		FACD72E62A326BB900D967F6 /* Main.storyboard */ = {
			isa = PBXVariantGroup;
			children = (
				FACD72E72A326BB900D967F6 /* Base */,
			);
			name = Main.storyboard;
			sourceTree = "<group>";
		};
		FACD72EB2A326BBC00D967F6 /* LaunchScreen.storyboard */ = {
			isa = PBXVariantGroup;
			children = (
				FACD72EC2A326BBC00D967F6 /* Base */,
			);
			name = LaunchScreen.storyboard;
			sourceTree = "<group>";
		};
/* End PBXVariantGroup section */

/* Begin XCBuildConfiguration section */
		FACD72EF2A326BBC00D967F6 /* Debug */ = {
			isa = XCBuildConfiguration;
			buildSettings = {
				ALWAYS_SEARCH_USER_PATHS = NO;
				CLANG_ANALYZER_NONNULL = YES;
				CLANG_ANALYZER_NUMBER_OBJECT_CONVERSION = YES_AGGRESSIVE;
				CLANG_CXX_LANGUAGE_STANDARD = "gnu++20";
				CLANG_ENABLE_MODULES = YES;
				CLANG_ENABLE_OBJC_ARC = YES;
				CLANG_ENABLE_OBJC_WEAK = YES;
				CLANG_WARN_BLOCK_CAPTURE_AUTORELEASING = YES;
				CLANG_WARN_BOOL_CONVERSION = YES;
				CLANG_WARN_COMMA = YES;
				CLANG_WARN_CONSTANT_CONVERSION = YES;
				CLANG_WARN_DEPRECATED_OBJC_IMPLEMENTATIONS = YES;
				CLANG_WARN_DIRECT_OBJC_ISA_USAGE = YES_ERROR;
				CLANG_WARN_DOCUMENTATION_COMMENTS = YES;
				CLANG_WARN_EMPTY_BODY = YES;
				CLANG_WARN_ENUM_CONVERSION = YES;
				CLANG_WARN_INFINITE_RECURSION = YES;
				CLANG_WARN_INT_CONVERSION = YES;
				CLANG_WARN_NON_LITERAL_NULL_CONVERSION = YES;
				CLANG_WARN_OBJC_IMPLICIT_RETAIN_SELF = YES;
				CLANG_WARN_OBJC_LITERAL_CONVERSION = YES;
				CLANG_WARN_OBJC_ROOT_CLASS = YES_ERROR;
				CLANG_WARN_QUOTED_INCLUDE_IN_FRAMEWORK_HEADER = YES;
				CLANG_WARN_RANGE_LOOP_ANALYSIS = YES;
				CLANG_WARN_STRICT_PROTOTYPES = YES;
				CLANG_WARN_SUSPICIOUS_MOVE = YES;
				CLANG_WARN_UNGUARDED_AVAILABILITY = YES_AGGRESSIVE;
				CLANG_WARN_UNREACHABLE_CODE = YES;
				CLANG_WARN__DUPLICATE_METHOD_MATCH = YES;
				COPY_PHASE_STRIP = NO;
				DEBUG_INFORMATION_FORMAT = dwarf;
				ENABLE_STRICT_OBJC_MSGSEND = YES;
				ENABLE_TESTABILITY = YES;
				GCC_C_LANGUAGE_STANDARD = gnu11;
				GCC_DYNAMIC_NO_PIC = NO;
				GCC_NO_COMMON_BLOCKS = YES;
				GCC_OPTIMIZATION_LEVEL = 0;
				GCC_PREPROCESSOR_DEFINITIONS = (
					"DEBUG=1",
					"$(inherited)",
				);
				GCC_WARN_64_TO_32_BIT_CONVERSION = YES;
				GCC_WARN_ABOUT_RETURN_TYPE = YES_ERROR;
				GCC_WARN_UNDECLARED_SELECTOR = YES;
				GCC_WARN_UNINITIALIZED_AUTOS = YES_AGGRESSIVE;
				GCC_WARN_UNUSED_FUNCTION = YES;
				GCC_WARN_UNUSED_VARIABLE = YES;
				IPHONEOS_DEPLOYMENT_TARGET = 16.2;
				MTL_ENABLE_DEBUG_INFO = INCLUDE_SOURCE;
				MTL_FAST_MATH = YES;
				ONLY_ACTIVE_ARCH = YES;
				SDKROOT = iphoneos;
				SWIFT_ACTIVE_COMPILATION_CONDITIONS = DEBUG;
				SWIFT_OPTIMIZATION_LEVEL = "-Onone";
			};
			name = Debug;
		};
		FACD72F02A326BBC00D967F6 /* Release */ = {
			isa = XCBuildConfiguration;
			buildSettings = {
				ALWAYS_SEARCH_USER_PATHS = NO;
				CLANG_ANALYZER_NONNULL = YES;
				CLANG_ANALYZER_NUMBER_OBJECT_CONVERSION = YES_AGGRESSIVE;
				CLANG_CXX_LANGUAGE_STANDARD = "gnu++20";
				CLANG_ENABLE_MODULES = YES;
				CLANG_ENABLE_OBJC_ARC = YES;
				CLANG_ENABLE_OBJC_WEAK = YES;
				CLANG_WARN_BLOCK_CAPTURE_AUTORELEASING = YES;
				CLANG_WARN_BOOL_CONVERSION = YES;
				CLANG_WARN_COMMA = YES;
				CLANG_WARN_CONSTANT_CONVERSION = YES;
				CLANG_WARN_DEPRECATED_OBJC_IMPLEMENTATIONS = YES;
				CLANG_WARN_DIRECT_OBJC_ISA_USAGE = YES_ERROR;
				CLANG_WARN_DOCUMENTATION_COMMENTS = YES;
				CLANG_WARN_EMPTY_BODY = YES;
				CLANG_WARN_ENUM_CONVERSION = YES;
				CLANG_WARN_INFINITE_RECURSION = YES;
				CLANG_WARN_INT_CONVERSION = YES;
				CLANG_WARN_NON_LITERAL_NULL_CONVERSION = YES;
				CLANG_WARN_OBJC_IMPLICIT_RETAIN_SELF = YES;
				CLANG_WARN_OBJC_LITERAL_CONVERSION = YES;
				CLANG_WARN_OBJC_ROOT_CLASS = YES_ERROR;
				CLANG_WARN_QUOTED_INCLUDE_IN_FRAMEWORK_HEADER = YES;
				CLANG_WARN_RANGE_LOOP_ANALYSIS = YES;
				CLANG_WARN_STRICT_PROTOTYPES = YES;
				CLANG_WARN_SUSPICIOUS_MOVE = YES;
				CLANG_WARN_UNGUARDED_AVAILABILITY = YES_AGGRESSIVE;
				CLANG_WARN_UNREACHABLE_CODE = YES;
				CLANG_WARN__DUPLICATE_METHOD_MATCH = YES;
				COPY_PHASE_STRIP = NO;
				DEBUG_INFORMATION_FORMAT = "dwarf-with-dsym";
				ENABLE_NS_ASSERTIONS = NO;
				ENABLE_STRICT_OBJC_MSGSEND = YES;
				GCC_C_LANGUAGE_STANDARD = gnu11;
				GCC_NO_COMMON_BLOCKS = YES;
				GCC_WARN_64_TO_32_BIT_CONVERSION = YES;
				GCC_WARN_ABOUT_RETURN_TYPE = YES_ERROR;
				GCC_WARN_UNDECLARED_SELECTOR = YES;
				GCC_WARN_UNINITIALIZED_AUTOS = YES_AGGRESSIVE;
				GCC_WARN_UNUSED_FUNCTION = YES;
				GCC_WARN_UNUSED_VARIABLE = YES;
				IPHONEOS_DEPLOYMENT_TARGET = 16.2;
				MTL_ENABLE_DEBUG_INFO = NO;
				MTL_FAST_MATH = YES;
				SDKROOT = iphoneos;
				SWIFT_COMPILATION_MODE = wholemodule;
				SWIFT_OPTIMIZATION_LEVEL = "-O";
				VALIDATE_PRODUCT = YES;
			};
			name = Release;
		};
		FACD72F22A326BBC00D967F6 /* Debug */ = {
			isa = XCBuildConfiguration;
			buildSettings = {
				ASSETCATALOG_COMPILER_APPICON_NAME = AppIcon;
				ASSETCATALOG_COMPILER_GLOBAL_ACCENT_COLOR_NAME = AccentColor;
				CODE_SIGN_STYLE = Automatic;
				CURRENT_PROJECT_VERSION = 1;
				DEVELOPMENT_TEAM = HW92X87TAX;
				GENERATE_INFOPLIST_FILE = YES;
				INFOPLIST_FILE = mtl_asm/Info.plist;
				INFOPLIST_KEY_UIApplicationSupportsIndirectInputEvents = YES;
				INFOPLIST_KEY_UILaunchStoryboardName = LaunchScreen;
				INFOPLIST_KEY_UIMainStoryboardFile = Main;
				INFOPLIST_KEY_UISupportedInterfaceOrientations_iPad = "UIInterfaceOrientationPortrait UIInterfaceOrientationPortraitUpsideDown UIInterfaceOrientationLandscapeLeft UIInterfaceOrientationLandscapeRight";
				INFOPLIST_KEY_UISupportedInterfaceOrientations_iPhone = "UIInterfaceOrientationPortrait UIInterfaceOrientationLandscapeLeft UIInterfaceOrientationLandscapeRight";
				LD_RUNPATH_SEARCH_PATHS = (
					"$(inherited)",
					"@executable_path/Frameworks",
				);
				MARKETING_VERSION = 1.0;
				PRODUCT_BUNDLE_IDENTIFIER = "com.example.mtl-asm";
				PRODUCT_NAME = "$(TARGET_NAME)";
				SWIFT_EMIT_LOC_STRINGS = YES;
				SWIFT_VERSION = 5.0;
				TARGETED_DEVICE_FAMILY = "1,2";
			};
			name = Debug;
		};
		FACD72F32A326BBC00D967F6 /* Release */ = {
			isa = XCBuildConfiguration;
			buildSettings = {
				ASSETCATALOG_COMPILER_APPICON_NAME = AppIcon;
				ASSETCATALOG_COMPILER_GLOBAL_ACCENT_COLOR_NAME = AccentColor;
				CODE_SIGN_STYLE = Automatic;
				CURRENT_PROJECT_VERSION = 1;
				DEVELOPMENT_TEAM = HW92X87TAX;
				GENERATE_INFOPLIST_FILE = YES;
				INFOPLIST_FILE = mtl_asm/Info.plist;
				INFOPLIST_KEY_UIApplicationSupportsIndirectInputEvents = YES;
				INFOPLIST_KEY_UILaunchStoryboardName = LaunchScreen;
				INFOPLIST_KEY_UIMainStoryboardFile = Main;
				INFOPLIST_KEY_UISupportedInterfaceOrientations_iPad = "UIInterfaceOrientationPortrait UIInterfaceOrientationPortraitUpsideDown UIInterfaceOrientationLandscapeLeft UIInterfaceOrientationLandscapeRight";
				INFOPLIST_KEY_UISupportedInterfaceOrientations_iPhone = "UIInterfaceOrientationPortrait UIInterfaceOrientationLandscapeLeft UIInterfaceOrientationLandscapeRight";
				LD_RUNPATH_SEARCH_PATHS = (
					"$(inherited)",
					"@executable_path/Frameworks",
				);
				MARKETING_VERSION = 1.0;
				PRODUCT_BUNDLE_IDENTIFIER = "com.example.mtl-asm";
				PRODUCT_NAME = "$(TARGET_NAME)";
				SWIFT_EMIT_LOC_STRINGS = YES;
				SWIFT_VERSION = 5.0;
				TARGETED_DEVICE_FAMILY = "1,2";
			};
			name = Release;
		};
/* End XCBuildConfiguration section */

/* Begin XCConfigurationList section */
		FACD72D82A326BB900D967F6 /* Build configuration list for PBXProject "mtl_asm" */ = {
			isa = XCConfigurationList;
			buildConfigurations = (
				FACD72EF2A326BBC00D967F6 /* Debug */,
				FACD72F02A326BBC00D967F6 /* Release */,
			);
			defaultConfigurationIsVisible = 0;
			defaultConfigurationName = Release;
		};
		FACD72F12A326BBC00D967F6 /* Build configuration list for PBXNativeTarget "mtl_asm" */ = {
			isa = XCConfigurationList;
			buildConfigurations = (
				FACD72F22A326BBC00D967F6 /* Debug */,
				FACD72F32A326BBC00D967F6 /* Release */,
			);
			defaultConfigurationIsVisible = 0;
			defaultConfigurationName = Release;
		};
/* End XCConfigurationList section */
	};
	rootObject = FACD72D52A326BB900D967F6 /* Project object */;
}
