// !$*UTF8*$!
{
	archiveVersion = 1;
	classes = {
	};
	objectVersion = 56;
	objects = {

/* Begin PBXBuildFile section */
		FA6461592A0DDFF40058A967 /* NavigationController.swift in Sources */ = {isa = PBXBuildFile; fileRef = FA6461582A0DDFF40058A967 /* NavigationController.swift */; };
		FA64615B2A0DE30C0058A967 /* ToDo.swift in Sources */ = {isa = PBXBuildFile; fileRef = FA64615A2A0DE30C0058A967 /* ToDo.swift */; };
		FA64615D2A0DE3C70058A967 /* ToDoTableViewController.swift in Sources */ = {isa = PBXBuildFile; fileRef = FA64615C2A0DE3C70058A967 /* ToDoTableViewController.swift */; };
		FADFEF6D2A0DD8B5002B76B9 /* AppDelegate.swift in Sources */ = {isa = PBXBuildFile; fileRef = FADFEF6C2A0DD8B5002B76B9 /* AppDelegate.swift */; };
		FADFEF6F2A0DD8B5002B76B9 /* SceneDelegate.swift in Sources */ = {isa = PBXBuildFile; fileRef = FADFEF6E2A0DD8B5002B76B9 /* SceneDelegate.swift */; };
		FADFEF742A0DD8B5002B76B9 /* Main.storyboard in Resources */ = {isa = PBXBuildFile; fileRef = FADFEF722A0DD8B5002B76B9 /* Main.storyboard */; };
		FADFEF762A0DD8B8002B76B9 /* Assets.xcassets in Resources */ = {isa = PBXBuildFile; fileRef = FADFEF752A0DD8B8002B76B9 /* Assets.xcassets */; };
		FADFEF792A0DD8B8002B76B9 /* LaunchScreen.storyboard in Resources */ = {isa = PBXBuildFile; fileRef = FADFEF772A0DD8B8002B76B9 /* LaunchScreen.storyboard */; };
/* End PBXBuildFile section */

/* Begin PBXFileReference section */
		FA6461582A0DDFF40058A967 /* NavigationController.swift */ = {isa = PBXFileReference; lastKnownFileType = sourcecode.swift; path = NavigationController.swift; sourceTree = "<group>"; };
		FA64615A2A0DE30C0058A967 /* ToDo.swift */ = {isa = PBXFileReference; lastKnownFileType = sourcecode.swift; path = ToDo.swift; sourceTree = "<group>"; };
		FA64615C2A0DE3C70058A967 /* ToDoTableViewController.swift */ = {isa = PBXFileReference; lastKnownFileType = sourcecode.swift; path = ToDoTableViewController.swift; sourceTree = "<group>"; };
		FADFEF692A0DD8B5002B76B9 /* 10_GuidedProject_List.app */ = {isa = PBXFileReference; explicitFileType = wrapper.application; includeInIndex = 0; path = 10_GuidedProject_List.app; sourceTree = BUILT_PRODUCTS_DIR; };
		FADFEF6C2A0DD8B5002B76B9 /* AppDelegate.swift */ = {isa = PBXFileReference; lastKnownFileType = sourcecode.swift; path = AppDelegate.swift; sourceTree = "<group>"; };
		FADFEF6E2A0DD8B5002B76B9 /* SceneDelegate.swift */ = {isa = PBXFileReference; lastKnownFileType = sourcecode.swift; path = SceneDelegate.swift; sourceTree = "<group>"; };
		FADFEF732A0DD8B5002B76B9 /* Base */ = {isa = PBXFileReference; lastKnownFileType = file.storyboard; name = Base; path = Base.lproj/Main.storyboard; sourceTree = "<group>"; };
		FADFEF752A0DD8B8002B76B9 /* Assets.xcassets */ = {isa = PBXFileReference; lastKnownFileType = folder.assetcatalog; path = Assets.xcassets; sourceTree = "<group>"; };
		FADFEF782A0DD8B8002B76B9 /* Base */ = {isa = PBXFileReference; lastKnownFileType = file.storyboard; name = Base; path = Base.lproj/LaunchScreen.storyboard; sourceTree = "<group>"; };
		FADFEF7A2A0DD8B8002B76B9 /* Info.plist */ = {isa = PBXFileReference; lastKnownFileType = text.plist.xml; path = Info.plist; sourceTree = "<group>"; };
/* End PBXFileReference section */

/* Begin PBXFrameworksBuildPhase section */
		FADFEF662A0DD8B5002B76B9 /* Frameworks */ = {
			isa = PBXFrameworksBuildPhase;
			buildActionMask = 2147483647;
			files = (
			);
			runOnlyForDeploymentPostprocessing = 0;
		};
/* End PBXFrameworksBuildPhase section */

/* Begin PBXGroup section */
		FADFEF602A0DD8B5002B76B9 = {
			isa = PBXGroup;
			children = (
				FADFEF6B2A0DD8B5002B76B9 /* 10_GuidedProject_List */,
				FADFEF6A2A0DD8B5002B76B9 /* Products */,
			);
			sourceTree = "<group>";
		};
		FADFEF6A2A0DD8B5002B76B9 /* Products */ = {
			isa = PBXGroup;
			children = (
				FADFEF692A0DD8B5002B76B9 /* 10_GuidedProject_List.app */,
			);
			name = Products;
			sourceTree = "<group>";
		};
		FADFEF6B2A0DD8B5002B76B9 /* 10_GuidedProject_List */ = {
			isa = PBXGroup;
			children = (
				FA64615C2A0DE3C70058A967 /* ToDoTableViewController.swift */,
				FA64615A2A0DE30C0058A967 /* ToDo.swift */,
				FA6461582A0DDFF40058A967 /* NavigationController.swift */,
				FADFEF6C2A0DD8B5002B76B9 /* AppDelegate.swift */,
				FADFEF6E2A0DD8B5002B76B9 /* SceneDelegate.swift */,
				FADFEF722A0DD8B5002B76B9 /* Main.storyboard */,
				FADFEF752A0DD8B8002B76B9 /* Assets.xcassets */,
				FADFEF772A0DD8B8002B76B9 /* LaunchScreen.storyboard */,
				FADFEF7A2A0DD8B8002B76B9 /* Info.plist */,
			);
			path = 10_GuidedProject_List;
			sourceTree = "<group>";
		};
/* End PBXGroup section */

/* Begin PBXNativeTarget section */
		FADFEF682A0DD8B5002B76B9 /* 10_GuidedProject_List */ = {
			isa = PBXNativeTarget;
			buildConfigurationList = FADFEF7D2A0DD8B8002B76B9 /* Build configuration list for PBXNativeTarget "10_GuidedProject_List" */;
			buildPhases = (
				FADFEF652A0DD8B5002B76B9 /* Sources */,
				FADFEF662A0DD8B5002B76B9 /* Frameworks */,
				FADFEF672A0DD8B5002B76B9 /* Resources */,
			);
			buildRules = (
			);
			dependencies = (
			);
			name = 10_GuidedProject_List;
			productName = 10_GuidedProject_List;
			productReference = FADFEF692A0DD8B5002B76B9 /* 10_GuidedProject_List.app */;
			productType = "com.apple.product-type.application";
		};
/* End PBXNativeTarget section */

/* Begin PBXProject section */
		FADFEF612A0DD8B5002B76B9 /* Project object */ = {
			isa = PBXProject;
			attributes = {
				BuildIndependentTargetsInParallel = 1;
				LastSwiftUpdateCheck = 1420;
				LastUpgradeCheck = 1420;
				TargetAttributes = {
					FADFEF682A0DD8B5002B76B9 = {
						CreatedOnToolsVersion = 14.2;
					};
				};
			};
			buildConfigurationList = FADFEF642A0DD8B5002B76B9 /* Build configuration list for PBXProject "10_GuidedProject_List" */;
			compatibilityVersion = "Xcode 14.0";
			developmentRegion = en;
			hasScannedForEncodings = 0;
			knownRegions = (
				en,
				Base,
			);
			mainGroup = FADFEF602A0DD8B5002B76B9;
			productRefGroup = FADFEF6A2A0DD8B5002B76B9 /* Products */;
			projectDirPath = "";
			projectRoot = "";
			targets = (
				FADFEF682A0DD8B5002B76B9 /* 10_GuidedProject_List */,
			);
		};
/* End PBXProject section */

/* Begin PBXResourcesBuildPhase section */
		FADFEF672A0DD8B5002B76B9 /* Resources */ = {
			isa = PBXResourcesBuildPhase;
			buildActionMask = 2147483647;
			files = (
				FADFEF792A0DD8B8002B76B9 /* LaunchScreen.storyboard in Resources */,
				FADFEF762A0DD8B8002B76B9 /* Assets.xcassets in Resources */,
				FADFEF742A0DD8B5002B76B9 /* Main.storyboard in Resources */,
			);
			runOnlyForDeploymentPostprocessing = 0;
		};
/* End PBXResourcesBuildPhase section */

/* Begin PBXSourcesBuildPhase section */
		FADFEF652A0DD8B5002B76B9 /* Sources */ = {
			isa = PBXSourcesBuildPhase;
			buildActionMask = 2147483647;
			files = (
				FADFEF6D2A0DD8B5002B76B9 /* AppDelegate.swift in Sources */,
				FA6461592A0DDFF40058A967 /* NavigationController.swift in Sources */,
				FADFEF6F2A0DD8B5002B76B9 /* SceneDelegate.swift in Sources */,
				FA64615B2A0DE30C0058A967 /* ToDo.swift in Sources */,
				FA64615D2A0DE3C70058A967 /* ToDoTableViewController.swift in Sources */,
			);
			runOnlyForDeploymentPostprocessing = 0;
		};
/* End PBXSourcesBuildPhase section */

/* Begin PBXVariantGroup section */
		FADFEF722A0DD8B5002B76B9 /* Main.storyboard */ = {
			isa = PBXVariantGroup;
			children = (
				FADFEF732A0DD8B5002B76B9 /* Base */,
			);
			name = Main.storyboard;
			sourceTree = "<group>";
		};
		FADFEF772A0DD8B8002B76B9 /* LaunchScreen.storyboard */ = {
			isa = PBXVariantGroup;
			children = (
				FADFEF782A0DD8B8002B76B9 /* Base */,
			);
			name = LaunchScreen.storyboard;
			sourceTree = "<group>";
		};
/* End PBXVariantGroup section */

/* Begin XCBuildConfiguration section */
		FADFEF7B2A0DD8B8002B76B9 /* Debug */ = {
			isa = XCBuildConfiguration;
			buildSettings = {
				ALWAYS_SEARCH_USER_PATHS = NO;
				CLANG_ANALYZER_NONNULL = YES;
				CLANG_ANALYZER_NUMBER_OBJECT_CONVERSION = YES_AGGRESSIVE;
				CLANG_CXX_LANGUAGE_STANDARD = "gnu++20";
				CLANG_ENABLE_MODULES = YES;
				CLANG_ENABLE_OBJC_ARC = YES;
				CLANG_ENABLE_OBJC_WEAK = YES;
				CLANG_WARN_BLOCK_CAPTURE_AUTORELEASING = YES;
				CLANG_WARN_BOOL_CONVERSION = YES;
				CLANG_WARN_COMMA = YES;
				CLANG_WARN_CONSTANT_CONVERSION = YES;
				CLANG_WARN_DEPRECATED_OBJC_IMPLEMENTATIONS = YES;
				CLANG_WARN_DIRECT_OBJC_ISA_USAGE = YES_ERROR;
				CLANG_WARN_DOCUMENTATION_COMMENTS = YES;
				CLANG_WARN_EMPTY_BODY = YES;
				CLANG_WARN_ENUM_CONVERSION = YES;
				CLANG_WARN_INFINITE_RECURSION = YES;
				CLANG_WARN_INT_CONVERSION = YES;
				CLANG_WARN_NON_LITERAL_NULL_CONVERSION = YES;
				CLANG_WARN_OBJC_IMPLICIT_RETAIN_SELF = YES;
				CLANG_WARN_OBJC_LITERAL_CONVERSION = YES;
				CLANG_WARN_OBJC_ROOT_CLASS = YES_ERROR;
				CLANG_WARN_QUOTED_INCLUDE_IN_FRAMEWORK_HEADER = YES;
				CLANG_WARN_RANGE_LOOP_ANALYSIS = YES;
				CLANG_WARN_STRICT_PROTOTYPES = YES;
				CLANG_WARN_SUSPICIOUS_MOVE = YES;
				CLANG_WARN_UNGUARDED_AVAILABILITY = YES_AGGRESSIVE;
				CLANG_WARN_UNREACHABLE_CODE = YES;
				CLANG_WARN__DUPLICATE_METHOD_MATCH = YES;
				COPY_PHASE_STRIP = NO;
				DEBUG_INFORMATION_FORMAT = dwarf;
				ENABLE_STRICT_OBJC_MSGSEND = YES;
				ENABLE_TESTABILITY = YES;
				GCC_C_LANGUAGE_STANDARD = gnu11;
				GCC_DYNAMIC_NO_PIC = NO;
				GCC_NO_COMMON_BLOCKS = YES;
				GCC_OPTIMIZATION_LEVEL = 0;
				GCC_PREPROCESSOR_DEFINITIONS = (
					"DEBUG=1",
					"$(inherited)",
				);
				GCC_WARN_64_TO_32_BIT_CONVERSION = YES;
				GCC_WARN_ABOUT_RETURN_TYPE = YES_ERROR;
				GCC_WARN_UNDECLARED_SELECTOR = YES;
				GCC_WARN_UNINITIALIZED_AUTOS = YES_AGGRESSIVE;
				GCC_WARN_UNUSED_FUNCTION = YES;
				GCC_WARN_UNUSED_VARIABLE = YES;
				IPHONEOS_DEPLOYMENT_TARGET = 16.2;
				MTL_ENABLE_DEBUG_INFO = INCLUDE_SOURCE;
				MTL_FAST_MATH = YES;
				ONLY_ACTIVE_ARCH = YES;
				SDKROOT = iphoneos;
				SWIFT_ACTIVE_COMPILATION_CONDITIONS = DEBUG;
				SWIFT_OPTIMIZATION_LEVEL = "-Onone";
			};
			name = Debug;
		};
		FADFEF7C2A0DD8B8002B76B9 /* Release */ = {
			isa = XCBuildConfiguration;
			buildSettings = {
				ALWAYS_SEARCH_USER_PATHS = NO;
				CLANG_ANALYZER_NONNULL = YES;
				CLANG_ANALYZER_NUMBER_OBJECT_CONVERSION = YES_AGGRESSIVE;
				CLANG_CXX_LANGUAGE_STANDARD = "gnu++20";
				CLANG_ENABLE_MODULES = YES;
				CLANG_ENABLE_OBJC_ARC = YES;
				CLANG_ENABLE_OBJC_WEAK = YES;
				CLANG_WARN_BLOCK_CAPTURE_AUTORELEASING = YES;
				CLANG_WARN_BOOL_CONVERSION = YES;
				CLANG_WARN_COMMA = YES;
				CLANG_WARN_CONSTANT_CONVERSION = YES;
				CLANG_WARN_DEPRECATED_OBJC_IMPLEMENTATIONS = YES;
				CLANG_WARN_DIRECT_OBJC_ISA_USAGE = YES_ERROR;
				CLANG_WARN_DOCUMENTATION_COMMENTS = YES;
				CLANG_WARN_EMPTY_BODY = YES;
				CLANG_WARN_ENUM_CONVERSION = YES;
				CLANG_WARN_INFINITE_RECURSION = YES;
				CLANG_WARN_INT_CONVERSION = YES;
				CLANG_WARN_NON_LITERAL_NULL_CONVERSION = YES;
				CLANG_WARN_OBJC_IMPLICIT_RETAIN_SELF = YES;
				CLANG_WARN_OBJC_LITERAL_CONVERSION = YES;
				CLANG_WARN_OBJC_ROOT_CLASS = YES_ERROR;
				CLANG_WARN_QUOTED_INCLUDE_IN_FRAMEWORK_HEADER = YES;
				CLANG_WARN_RANGE_LOOP_ANALYSIS = YES;
				CLANG_WARN_STRICT_PROTOTYPES = YES;
				CLANG_WARN_SUSPICIOUS_MOVE = YES;
				CLANG_WARN_UNGUARDED_AVAILABILITY = YES_AGGRESSIVE;
				CLANG_WARN_UNREACHABLE_CODE = YES;
				CLANG_WARN__DUPLICATE_METHOD_MATCH = YES;
				COPY_PHASE_STRIP = NO;
				DEBUG_INFORMATION_FORMAT = "dwarf-with-dsym";
				ENABLE_NS_ASSERTIONS = NO;
				ENABLE_STRICT_OBJC_MSGSEND = YES;
				GCC_C_LANGUAGE_STANDARD = gnu11;
				GCC_NO_COMMON_BLOCKS = YES;
				GCC_WARN_64_TO_32_BIT_CONVERSION = YES;
				GCC_WARN_ABOUT_RETURN_TYPE = YES_ERROR;
				GCC_WARN_UNDECLARED_SELECTOR = YES;
				GCC_WARN_UNINITIALIZED_AUTOS = YES_AGGRESSIVE;
				GCC_WARN_UNUSED_FUNCTION = YES;
				GCC_WARN_UNUSED_VARIABLE = YES;
				IPHONEOS_DEPLOYMENT_TARGET = 16.2;
				MTL_ENABLE_DEBUG_INFO = NO;
				MTL_FAST_MATH = YES;
				SDKROOT = iphoneos;
				SWIFT_COMPILATION_MODE = wholemodule;
				SWIFT_OPTIMIZATION_LEVEL = "-O";
				VALIDATE_PRODUCT = YES;
			};
			name = Release;
		};
		FADFEF7E2A0DD8B8002B76B9 /* Debug */ = {
			isa = XCBuildConfiguration;
			buildSettings = {
				ASSETCATALOG_COMPILER_APPICON_NAME = AppIcon;
				ASSETCATALOG_COMPILER_GLOBAL_ACCENT_COLOR_NAME = AccentColor;
				CODE_SIGN_STYLE = Automatic;
				CURRENT_PROJECT_VERSION = 1;
				DEVELOPMENT_TEAM = HW92X87TAX;
				GENERATE_INFOPLIST_FILE = YES;
				INFOPLIST_FILE = 10_GuidedProject_List/Info.plist;
				INFOPLIST_KEY_UIApplicationSupportsIndirectInputEvents = YES;
				INFOPLIST_KEY_UILaunchStoryboardName = LaunchScreen;
				INFOPLIST_KEY_UIMainStoryboardFile = Main;
				INFOPLIST_KEY_UISupportedInterfaceOrientations_iPad = "UIInterfaceOrientationPortrait UIInterfaceOrientationPortraitUpsideDown UIInterfaceOrientationLandscapeLeft UIInterfaceOrientationLandscapeRight";
				INFOPLIST_KEY_UISupportedInterfaceOrientations_iPhone = "UIInterfaceOrientationPortrait UIInterfaceOrientationLandscapeLeft UIInterfaceOrientationLandscapeRight";
				IPHONEOS_DEPLOYMENT_TARGET = 16.1;
				LD_RUNPATH_SEARCH_PATHS = (
					"$(inherited)",
					"@executable_path/Frameworks",
				);
				MARKETING_VERSION = 1.0;
				PRODUCT_BUNDLE_IDENTIFIER = "com.example.-0-GuidedProject-List";
				PRODUCT_NAME = "$(TARGET_NAME)";
				SWIFT_EMIT_LOC_STRINGS = YES;
				SWIFT_VERSION = 5.0;
				TARGETED_DEVICE_FAMILY = "1,2";
			};
			name = Debug;
		};
		FADFEF7F2A0DD8B8002B76B9 /* Release */ = {
			isa = XCBuildConfiguration;
			buildSettings = {
				ASSETCATALOG_COMPILER_APPICON_NAME = AppIcon;
				ASSETCATALOG_COMPILER_GLOBAL_ACCENT_COLOR_NAME = AccentColor;
				CODE_SIGN_STYLE = Automatic;
				CURRENT_PROJECT_VERSION = 1;
				DEVELOPMENT_TEAM = HW92X87TAX;
				GENERATE_INFOPLIST_FILE = YES;
				INFOPLIST_FILE = 10_GuidedProject_List/Info.plist;
				INFOPLIST_KEY_UIApplicationSupportsIndirectInputEvents = YES;
				INFOPLIST_KEY_UILaunchStoryboardName = LaunchScreen;
				INFOPLIST_KEY_UIMainStoryboardFile = Main;
				INFOPLIST_KEY_UISupportedInterfaceOrientations_iPad = "UIInterfaceOrientationPortrait UIInterfaceOrientationPortraitUpsideDown UIInterfaceOrientationLandscapeLeft UIInterfaceOrientationLandscapeRight";
				INFOPLIST_KEY_UISupportedInterfaceOrientations_iPhone = "UIInterfaceOrientationPortrait UIInterfaceOrientationLandscapeLeft UIInterfaceOrientationLandscapeRight";
				IPHONEOS_DEPLOYMENT_TARGET = 16.1;
				LD_RUNPATH_SEARCH_PATHS = (
					"$(inherited)",
					"@executable_path/Frameworks",
				);
				MARKETING_VERSION = 1.0;
				PRODUCT_BUNDLE_IDENTIFIER = "com.example.-0-GuidedProject-List";
				PRODUCT_NAME = "$(TARGET_NAME)";
				SWIFT_EMIT_LOC_STRINGS = YES;
				SWIFT_VERSION = 5.0;
				TARGETED_DEVICE_FAMILY = "1,2";
			};
			name = Release;
		};
/* End XCBuildConfiguration section */

/* Begin XCConfigurationList section */
		FADFEF642A0DD8B5002B76B9 /* Build configuration list for PBXProject "10_GuidedProject_List" */ = {
			isa = XCConfigurationList;
			buildConfigurations = (
				FADFEF7B2A0DD8B8002B76B9 /* Debug */,
				FADFEF7C2A0DD8B8002B76B9 /* Release */,
			);
			defaultConfigurationIsVisible = 0;
			defaultConfigurationName = Release;
		};
		FADFEF7D2A0DD8B8002B76B9 /* Build configuration list for PBXNativeTarget "10_GuidedProject_List" */ = {
			isa = XCConfigurationList;
			buildConfigurations = (
				FADFEF7E2A0DD8B8002B76B9 /* Debug */,
				FADFEF7F2A0DD8B8002B76B9 /* Release */,
			);
			defaultConfigurationIsVisible = 0;
			defaultConfigurationName = Release;
		};
/* End XCConfigurationList section */
	};
	rootObject = FADFEF612A0DD8B5002B76B9 /* Project object */;
}
