// !$*UTF8*$!
{
	archiveVersion = 1;
	classes = {
	};
	objectVersion = 56;
	objects = {

/* Begin PBXBuildFile section */
		FA72032A2A2543A400B5C6A2 /* HomeCollectionViewController.swift in Sources */ = {isa = PBXBuildFile; fileRef = FA7203292A2543A400B5C6A2 /* HomeCollectionViewController.swift */; };
		FA72032C2A2543BE00B5C6A2 /* HabitCollectionViewController.swift in Sources */ = {isa = PBXBuildFile; fileRef = FA72032B2A2543BE00B5C6A2 /* HabitCollectionViewController.swift */; };
		FA72032E2A2543C700B5C6A2 /* UserCollectionViewController.swift in Sources */ = {isa = PBXBuildFile; fileRef = FA72032D2A2543C700B5C6A2 /* UserCollectionViewController.swift */; };
		FA7203302A2543D900B5C6A2 /* LogHabitCollectionViewController.swift in Sources */ = {isa = PBXBuildFile; fileRef = FA72032F2A2543D900B5C6A2 /* LogHabitCollectionViewController.swift */; };
		FA7203322A254BED00B5C6A2 /* HabitDetailViewController.swift in Sources */ = {isa = PBXBuildFile; fileRef = FA7203312A254BED00B5C6A2 /* HabitDetailViewController.swift */; };
		FA7203342A254C0300B5C6A2 /* UserDetailViewController.swift in Sources */ = {isa = PBXBuildFile; fileRef = FA7203332A254C0300B5C6A2 /* UserDetailViewController.swift */; };
		FA7203362A254D0000B5C6A2 /* Habits.swift in Sources */ = {isa = PBXBuildFile; fileRef = FA7203352A254D0000B5C6A2 /* Habits.swift */; };
		FA7203382A254D5100B5C6A2 /* Category.swift in Sources */ = {isa = PBXBuildFile; fileRef = FA7203372A254D5100B5C6A2 /* Category.swift */; };
		FA72033A2A254D6600B5C6A2 /* Color.swift in Sources */ = {isa = PBXBuildFile; fileRef = FA7203392A254D6600B5C6A2 /* Color.swift */; };
		FA72033C2A254FC000B5C6A2 /* APIRequest.swift in Sources */ = {isa = PBXBuildFile; fileRef = FA72033B2A254FC000B5C6A2 /* APIRequest.swift */; };
		FA72033E2A2551D700B5C6A2 /* APIService.swift in Sources */ = {isa = PBXBuildFile; fileRef = FA72033D2A2551D700B5C6A2 /* APIService.swift */; };
		FA7203402A25732700B5C6A2 /* Settings.swift in Sources */ = {isa = PBXBuildFile; fileRef = FA72033F2A25732700B5C6A2 /* Settings.swift */; };
		FAEF8AA82A243B8100A8520F /* AppDelegate.swift in Sources */ = {isa = PBXBuildFile; fileRef = FAEF8AA72A243B8100A8520F /* AppDelegate.swift */; };
		FAEF8AAA2A243B8100A8520F /* SceneDelegate.swift in Sources */ = {isa = PBXBuildFile; fileRef = FAEF8AA92A243B8100A8520F /* SceneDelegate.swift */; };
		FAEF8AAF2A243B8100A8520F /* Main.storyboard in Resources */ = {isa = PBXBuildFile; fileRef = FAEF8AAD2A243B8100A8520F /* Main.storyboard */; };
		FAEF8AB12A243B8500A8520F /* Assets.xcassets in Resources */ = {isa = PBXBuildFile; fileRef = FAEF8AB02A243B8500A8520F /* Assets.xcassets */; };
		FAEF8AB42A243B8500A8520F /* LaunchScreen.storyboard in Resources */ = {isa = PBXBuildFile; fileRef = FAEF8AB22A243B8500A8520F /* LaunchScreen.storyboard */; };
/* End PBXBuildFile section */

/* Begin PBXFileReference section */
		FA7203292A2543A400B5C6A2 /* HomeCollectionViewController.swift */ = {isa = PBXFileReference; lastKnownFileType = sourcecode.swift; path = HomeCollectionViewController.swift; sourceTree = "<group>"; };
		FA72032B2A2543BE00B5C6A2 /* HabitCollectionViewController.swift */ = {isa = PBXFileReference; lastKnownFileType = sourcecode.swift; path = HabitCollectionViewController.swift; sourceTree = "<group>"; };
		FA72032D2A2543C700B5C6A2 /* UserCollectionViewController.swift */ = {isa = PBXFileReference; lastKnownFileType = sourcecode.swift; path = UserCollectionViewController.swift; sourceTree = "<group>"; };
		FA72032F2A2543D900B5C6A2 /* LogHabitCollectionViewController.swift */ = {isa = PBXFileReference; lastKnownFileType = sourcecode.swift; path = LogHabitCollectionViewController.swift; sourceTree = "<group>"; };
		FA7203312A254BED00B5C6A2 /* HabitDetailViewController.swift */ = {isa = PBXFileReference; lastKnownFileType = sourcecode.swift; path = HabitDetailViewController.swift; sourceTree = "<group>"; };
		FA7203332A254C0300B5C6A2 /* UserDetailViewController.swift */ = {isa = PBXFileReference; lastKnownFileType = sourcecode.swift; path = UserDetailViewController.swift; sourceTree = "<group>"; };
		FA7203352A254D0000B5C6A2 /* Habits.swift */ = {isa = PBXFileReference; lastKnownFileType = sourcecode.swift; path = Habits.swift; sourceTree = "<group>"; };
		FA7203372A254D5100B5C6A2 /* Category.swift */ = {isa = PBXFileReference; lastKnownFileType = sourcecode.swift; path = Category.swift; sourceTree = "<group>"; };
		FA7203392A254D6600B5C6A2 /* Color.swift */ = {isa = PBXFileReference; lastKnownFileType = sourcecode.swift; path = Color.swift; sourceTree = "<group>"; };
		FA72033B2A254FC000B5C6A2 /* APIRequest.swift */ = {isa = PBXFileReference; lastKnownFileType = sourcecode.swift; path = APIRequest.swift; sourceTree = "<group>"; };
		FA72033D2A2551D700B5C6A2 /* APIService.swift */ = {isa = PBXFileReference; lastKnownFileType = sourcecode.swift; path = APIService.swift; sourceTree = "<group>"; };
		FA72033F2A25732700B5C6A2 /* Settings.swift */ = {isa = PBXFileReference; lastKnownFileType = sourcecode.swift; path = Settings.swift; sourceTree = "<group>"; };
		FAEF8AA42A243B8100A8520F /* 13_GuidedProject_Habits.app */ = {isa = PBXFileReference; explicitFileType = wrapper.application; includeInIndex = 0; path = 13_GuidedProject_Habits.app; sourceTree = BUILT_PRODUCTS_DIR; };
		FAEF8AA72A243B8100A8520F /* AppDelegate.swift */ = {isa = PBXFileReference; lastKnownFileType = sourcecode.swift; path = AppDelegate.swift; sourceTree = "<group>"; };
		FAEF8AA92A243B8100A8520F /* SceneDelegate.swift */ = {isa = PBXFileReference; lastKnownFileType = sourcecode.swift; path = SceneDelegate.swift; sourceTree = "<group>"; };
		FAEF8AAE2A243B8100A8520F /* Base */ = {isa = PBXFileReference; lastKnownFileType = file.storyboard; name = Base; path = Base.lproj/Main.storyboard; sourceTree = "<group>"; };
		FAEF8AB02A243B8500A8520F /* Assets.xcassets */ = {isa = PBXFileReference; lastKnownFileType = folder.assetcatalog; path = Assets.xcassets; sourceTree = "<group>"; };
		FAEF8AB32A243B8500A8520F /* Base */ = {isa = PBXFileReference; lastKnownFileType = file.storyboard; name = Base; path = Base.lproj/LaunchScreen.storyboard; sourceTree = "<group>"; };
		FAEF8AB52A243B8500A8520F /* Info.plist */ = {isa = PBXFileReference; lastKnownFileType = text.plist.xml; path = Info.plist; sourceTree = "<group>"; };
/* End PBXFileReference section */

/* Begin PBXFrameworksBuildPhase section */
		FAEF8AA12A243B8100A8520F /* Frameworks */ = {
			isa = PBXFrameworksBuildPhase;
			buildActionMask = 2147483647;
			files = (
			);
			runOnlyForDeploymentPostprocessing = 0;
		};
/* End PBXFrameworksBuildPhase section */

/* Begin PBXGroup section */
		FAEF8A9B2A243B8100A8520F = {
			isa = PBXGroup;
			children = (
				FA7203352A254D0000B5C6A2 /* Habits.swift */,
				FA7203372A254D5100B5C6A2 /* Category.swift */,
				FA7203392A254D6600B5C6A2 /* Color.swift */,
				FA72033B2A254FC000B5C6A2 /* APIRequest.swift */,
				FA72033D2A2551D700B5C6A2 /* APIService.swift */,
				FA7203312A254BED00B5C6A2 /* HabitDetailViewController.swift */,
				FA7203332A254C0300B5C6A2 /* UserDetailViewController.swift */,
				FA7203292A2543A400B5C6A2 /* HomeCollectionViewController.swift */,
				FA72032B2A2543BE00B5C6A2 /* HabitCollectionViewController.swift */,
				FA72033F2A25732700B5C6A2 /* Settings.swift */,
				FA72032D2A2543C700B5C6A2 /* UserCollectionViewController.swift */,
				FA72032F2A2543D900B5C6A2 /* LogHabitCollectionViewController.swift */,
				FAEF8AA62A243B8100A8520F /* 13_GuidedProject_Habits */,
				FAEF8AA52A243B8100A8520F /* Products */,
			);
			sourceTree = "<group>";
		};
		FAEF8AA52A243B8100A8520F /* Products */ = {
			isa = PBXGroup;
			children = (
				FAEF8AA42A243B8100A8520F /* 13_GuidedProject_Habits.app */,
			);
			name = Products;
			sourceTree = "<group>";
		};
		FAEF8AA62A243B8100A8520F /* 13_GuidedProject_Habits */ = {
			isa = PBXGroup;
			children = (
				FAEF8AA72A243B8100A8520F /* AppDelegate.swift */,
				FAEF8AA92A243B8100A8520F /* SceneDelegate.swift */,
				FAEF8AAD2A243B8100A8520F /* Main.storyboard */,
				FAEF8AB02A243B8500A8520F /* Assets.xcassets */,
				FAEF8AB22A243B8500A8520F /* LaunchScreen.storyboard */,
				FAEF8AB52A243B8500A8520F /* Info.plist */,
			);
			path = 13_GuidedProject_Habits;
			sourceTree = "<group>";
		};
/* End PBXGroup section */

/* Begin PBXNativeTarget section */
		FAEF8AA32A243B8100A8520F /* 13_GuidedProject_Habits */ = {
			isa = PBXNativeTarget;
			buildConfigurationList = FAEF8AB82A243B8500A8520F /* Build configuration list for PBXNativeTarget "13_GuidedProject_Habits" */;
			buildPhases = (
				FAEF8AA02A243B8100A8520F /* Sources */,
				FAEF8AA12A243B8100A8520F /* Frameworks */,
				FAEF8AA22A243B8100A8520F /* Resources */,
			);
			buildRules = (
			);
			dependencies = (
			);
			name = 13_GuidedProject_Habits;
			productName = 13_GuidedProject_Habits;
			productReference = FAEF8AA42A243B8100A8520F /* 13_GuidedProject_Habits.app */;
			productType = "com.apple.product-type.application";
		};
/* End PBXNativeTarget section */

/* Begin PBXProject section */
		FAEF8A9C2A243B8100A8520F /* Project object */ = {
			isa = PBXProject;
			attributes = {
				BuildIndependentTargetsInParallel = 1;
				LastSwiftUpdateCheck = 1420;
				LastUpgradeCheck = 1420;
				TargetAttributes = {
					FAEF8AA32A243B8100A8520F = {
						CreatedOnToolsVersion = 14.2;
					};
				};
			};
			buildConfigurationList = FAEF8A9F2A243B8100A8520F /* Build configuration list for PBXProject "13_GuidedProject_Habits" */;
			compatibilityVersion = "Xcode 14.0";
			developmentRegion = en;
			hasScannedForEncodings = 0;
			knownRegions = (
				en,
				Base,
			);
			mainGroup = FAEF8A9B2A243B8100A8520F;
			productRefGroup = FAEF8AA52A243B8100A8520F /* Products */;
			projectDirPath = "";
			projectRoot = "";
			targets = (
				FAEF8AA32A243B8100A8520F /* 13_GuidedProject_Habits */,
			);
		};
/* End PBXProject section */

/* Begin PBXResourcesBuildPhase section */
		FAEF8AA22A243B8100A8520F /* Resources */ = {
			isa = PBXResourcesBuildPhase;
			buildActionMask = 2147483647;
			files = (
				FAEF8AB42A243B8500A8520F /* LaunchScreen.storyboard in Resources */,
				FAEF8AB12A243B8500A8520F /* Assets.xcassets in Resources */,
				FAEF8AAF2A243B8100A8520F /* Main.storyboard in Resources */,
			);
			runOnlyForDeploymentPostprocessing = 0;
		};
/* End PBXResourcesBuildPhase section */

/* Begin PBXSourcesBuildPhase section */
		FAEF8AA02A243B8100A8520F /* Sources */ = {
			isa = PBXSourcesBuildPhase;
			buildActionMask = 2147483647;
			files = (
				FA72032A2A2543A400B5C6A2 /* HomeCollectionViewController.swift in Sources */,
				FA7203382A254D5100B5C6A2 /* Category.swift in Sources */,
				FA72033A2A254D6600B5C6A2 /* Color.swift in Sources */,
				FA72032E2A2543C700B5C6A2 /* UserCollectionViewController.swift in Sources */,
				FA7203402A25732700B5C6A2 /* Settings.swift in Sources */,
				FA7203362A254D0000B5C6A2 /* Habits.swift in Sources */,
				FA7203342A254C0300B5C6A2 /* UserDetailViewController.swift in Sources */,
				FA72032C2A2543BE00B5C6A2 /* HabitCollectionViewController.swift in Sources */,
				FAEF8AA82A243B8100A8520F /* AppDelegate.swift in Sources */,
				FA7203302A2543D900B5C6A2 /* LogHabitCollectionViewController.swift in Sources */,
				FA72033E2A2551D700B5C6A2 /* APIService.swift in Sources */,
				FA7203322A254BED00B5C6A2 /* HabitDetailViewController.swift in Sources */,
				FA72033C2A254FC000B5C6A2 /* APIRequest.swift in Sources */,
				FAEF8AAA2A243B8100A8520F /* SceneDelegate.swift in Sources */,
			);
			runOnlyForDeploymentPostprocessing = 0;
		};
/* End PBXSourcesBuildPhase section */

/* Begin PBXVariantGroup section */
		FAEF8AAD2A243B8100A8520F /* Main.storyboard */ = {
			isa = PBXVariantGroup;
			children = (
				FAEF8AAE2A243B8100A8520F /* Base */,
			);
			name = Main.storyboard;
			sourceTree = "<group>";
		};
		FAEF8AB22A243B8500A8520F /* LaunchScreen.storyboard */ = {
			isa = PBXVariantGroup;
			children = (
				FAEF8AB32A243B8500A8520F /* Base */,
			);
			name = LaunchScreen.storyboard;
			sourceTree = "<group>";
		};
/* End PBXVariantGroup section */

/* Begin XCBuildConfiguration section */
		FAEF8AB62A243B8500A8520F /* Debug */ = {
			isa = XCBuildConfiguration;
			buildSettings = {
				ALWAYS_SEARCH_USER_PATHS = NO;
				CLANG_ANALYZER_NONNULL = YES;
				CLANG_ANALYZER_NUMBER_OBJECT_CONVERSION = YES_AGGRESSIVE;
				CLANG_CXX_LANGUAGE_STANDARD = "gnu++20";
				CLANG_ENABLE_MODULES = YES;
				CLANG_ENABLE_OBJC_ARC = YES;
				CLANG_ENABLE_OBJC_WEAK = YES;
				CLANG_WARN_BLOCK_CAPTURE_AUTORELEASING = YES;
				CLANG_WARN_BOOL_CONVERSION = YES;
				CLANG_WARN_COMMA = YES;
				CLANG_WARN_CONSTANT_CONVERSION = YES;
				CLANG_WARN_DEPRECATED_OBJC_IMPLEMENTATIONS = YES;
				CLANG_WARN_DIRECT_OBJC_ISA_USAGE = YES_ERROR;
				CLANG_WARN_DOCUMENTATION_COMMENTS = YES;
				CLANG_WARN_EMPTY_BODY = YES;
				CLANG_WARN_ENUM_CONVERSION = YES;
				CLANG_WARN_INFINITE_RECURSION = YES;
				CLANG_WARN_INT_CONVERSION = YES;
				CLANG_WARN_NON_LITERAL_NULL_CONVERSION = YES;
				CLANG_WARN_OBJC_IMPLICIT_RETAIN_SELF = YES;
				CLANG_WARN_OBJC_LITERAL_CONVERSION = YES;
				CLANG_WARN_OBJC_ROOT_CLASS = YES_ERROR;
				CLANG_WARN_QUOTED_INCLUDE_IN_FRAMEWORK_HEADER = YES;
				CLANG_WARN_RANGE_LOOP_ANALYSIS = YES;
				CLANG_WARN_STRICT_PROTOTYPES = YES;
				CLANG_WARN_SUSPICIOUS_MOVE = YES;
				CLANG_WARN_UNGUARDED_AVAILABILITY = YES_AGGRESSIVE;
				CLANG_WARN_UNREACHABLE_CODE = YES;
				CLANG_WARN__DUPLICATE_METHOD_MATCH = YES;
				COPY_PHASE_STRIP = NO;
				DEBUG_INFORMATION_FORMAT = dwarf;
				ENABLE_STRICT_OBJC_MSGSEND = YES;
				ENABLE_TESTABILITY = YES;
				GCC_C_LANGUAGE_STANDARD = gnu11;
				GCC_DYNAMIC_NO_PIC = NO;
				GCC_NO_COMMON_BLOCKS = YES;
				GCC_OPTIMIZATION_LEVEL = 0;
				GCC_PREPROCESSOR_DEFINITIONS = (
					"DEBUG=1",
					"$(inherited)",
				);
				GCC_WARN_64_TO_32_BIT_CONVERSION = YES;
				GCC_WARN_ABOUT_RETURN_TYPE = YES_ERROR;
				GCC_WARN_UNDECLARED_SELECTOR = YES;
				GCC_WARN_UNINITIALIZED_AUTOS = YES_AGGRESSIVE;
				GCC_WARN_UNUSED_FUNCTION = YES;
				GCC_WARN_UNUSED_VARIABLE = YES;
				IPHONEOS_DEPLOYMENT_TARGET = 16.2;
				MTL_ENABLE_DEBUG_INFO = INCLUDE_SOURCE;
				MTL_FAST_MATH = YES;
				ONLY_ACTIVE_ARCH = YES;
				SDKROOT = iphoneos;
				SWIFT_ACTIVE_COMPILATION_CONDITIONS = DEBUG;
				SWIFT_OPTIMIZATION_LEVEL = "-Onone";
			};
			name = Debug;
		};
		FAEF8AB72A243B8500A8520F /* Release */ = {
			isa = XCBuildConfiguration;
			buildSettings = {
				ALWAYS_SEARCH_USER_PATHS = NO;
				CLANG_ANALYZER_NONNULL = YES;
				CLANG_ANALYZER_NUMBER_OBJECT_CONVERSION = YES_AGGRESSIVE;
				CLANG_CXX_LANGUAGE_STANDARD = "gnu++20";
				CLANG_ENABLE_MODULES = YES;
				CLANG_ENABLE_OBJC_ARC = YES;
				CLANG_ENABLE_OBJC_WEAK = YES;
				CLANG_WARN_BLOCK_CAPTURE_AUTORELEASING = YES;
				CLANG_WARN_BOOL_CONVERSION = YES;
				CLANG_WARN_COMMA = YES;
				CLANG_WARN_CONSTANT_CONVERSION = YES;
				CLANG_WARN_DEPRECATED_OBJC_IMPLEMENTATIONS = YES;
				CLANG_WARN_DIRECT_OBJC_ISA_USAGE = YES_ERROR;
				CLANG_WARN_DOCUMENTATION_COMMENTS = YES;
				CLANG_WARN_EMPTY_BODY = YES;
				CLANG_WARN_ENUM_CONVERSION = YES;
				CLANG_WARN_INFINITE_RECURSION = YES;
				CLANG_WARN_INT_CONVERSION = YES;
				CLANG_WARN_NON_LITERAL_NULL_CONVERSION = YES;
				CLANG_WARN_OBJC_IMPLICIT_RETAIN_SELF = YES;
				CLANG_WARN_OBJC_LITERAL_CONVERSION = YES;
				CLANG_WARN_OBJC_ROOT_CLASS = YES_ERROR;
				CLANG_WARN_QUOTED_INCLUDE_IN_FRAMEWORK_HEADER = YES;
				CLANG_WARN_RANGE_LOOP_ANALYSIS = YES;
				CLANG_WARN_STRICT_PROTOTYPES = YES;
				CLANG_WARN_SUSPICIOUS_MOVE = YES;
				CLANG_WARN_UNGUARDED_AVAILABILITY = YES_AGGRESSIVE;
				CLANG_WARN_UNREACHABLE_CODE = YES;
				CLANG_WARN__DUPLICATE_METHOD_MATCH = YES;
				COPY_PHASE_STRIP = NO;
				DEBUG_INFORMATION_FORMAT = "dwarf-with-dsym";
				ENABLE_NS_ASSERTIONS = NO;
				ENABLE_STRICT_OBJC_MSGSEND = YES;
				GCC_C_LANGUAGE_STANDARD = gnu11;
				GCC_NO_COMMON_BLOCKS = YES;
				GCC_WARN_64_TO_32_BIT_CONVERSION = YES;
				GCC_WARN_ABOUT_RETURN_TYPE = YES_ERROR;
				GCC_WARN_UNDECLARED_SELECTOR = YES;
				GCC_WARN_UNINITIALIZED_AUTOS = YES_AGGRESSIVE;
				GCC_WARN_UNUSED_FUNCTION = YES;
				GCC_WARN_UNUSED_VARIABLE = YES;
				IPHONEOS_DEPLOYMENT_TARGET = 16.2;
				MTL_ENABLE_DEBUG_INFO = NO;
				MTL_FAST_MATH = YES;
				SDKROOT = iphoneos;
				SWIFT_COMPILATION_MODE = wholemodule;
				SWIFT_OPTIMIZATION_LEVEL = "-O";
				VALIDATE_PRODUCT = YES;
			};
			name = Release;
		};
		FAEF8AB92A243B8500A8520F /* Debug */ = {
			isa = XCBuildConfiguration;
			buildSettings = {
				ASSETCATALOG_COMPILER_APPICON_NAME = AppIcon;
				ASSETCATALOG_COMPILER_GLOBAL_ACCENT_COLOR_NAME = AccentColor;
				CODE_SIGN_STYLE = Automatic;
				CURRENT_PROJECT_VERSION = 1;
				DEVELOPMENT_TEAM = HW92X87TAX;
				GENERATE_INFOPLIST_FILE = YES;
				INFOPLIST_FILE = 13_GuidedProject_Habits/Info.plist;
				INFOPLIST_KEY_UIApplicationSupportsIndirectInputEvents = YES;
				INFOPLIST_KEY_UILaunchStoryboardName = LaunchScreen;
				INFOPLIST_KEY_UIMainStoryboardFile = Main;
				INFOPLIST_KEY_UISupportedInterfaceOrientations_iPad = "UIInterfaceOrientationPortrait UIInterfaceOrientationPortraitUpsideDown UIInterfaceOrientationLandscapeLeft UIInterfaceOrientationLandscapeRight";
				INFOPLIST_KEY_UISupportedInterfaceOrientations_iPhone = "UIInterfaceOrientationPortrait UIInterfaceOrientationLandscapeLeft UIInterfaceOrientationLandscapeRight";
				LD_RUNPATH_SEARCH_PATHS = (
					"$(inherited)",
					"@executable_path/Frameworks",
				);
				MARKETING_VERSION = 1.0;
				PRODUCT_BUNDLE_IDENTIFIER = "com.example.-3-GuidedProject-Habits";
				PRODUCT_NAME = "$(TARGET_NAME)";
				SWIFT_EMIT_LOC_STRINGS = YES;
				SWIFT_VERSION = 5.0;
				TARGETED_DEVICE_FAMILY = "1,2";
			};
			name = Debug;
		};
		FAEF8ABA2A243B8500A8520F /* Release */ = {
			isa = XCBuildConfiguration;
			buildSettings = {
				ASSETCATALOG_COMPILER_APPICON_NAME = AppIcon;
				ASSETCATALOG_COMPILER_GLOBAL_ACCENT_COLOR_NAME = AccentColor;
				CODE_SIGN_STYLE = Automatic;
				CURRENT_PROJECT_VERSION = 1;
				DEVELOPMENT_TEAM = HW92X87TAX;
				GENERATE_INFOPLIST_FILE = YES;
				INFOPLIST_FILE = 13_GuidedProject_Habits/Info.plist;
				INFOPLIST_KEY_UIApplicationSupportsIndirectInputEvents = YES;
				INFOPLIST_KEY_UILaunchStoryboardName = LaunchScreen;
				INFOPLIST_KEY_UIMainStoryboardFile = Main;
				INFOPLIST_KEY_UISupportedInterfaceOrientations_iPad = "UIInterfaceOrientationPortrait UIInterfaceOrientationPortraitUpsideDown UIInterfaceOrientationLandscapeLeft UIInterfaceOrientationLandscapeRight";
				INFOPLIST_KEY_UISupportedInterfaceOrientations_iPhone = "UIInterfaceOrientationPortrait UIInterfaceOrientationLandscapeLeft UIInterfaceOrientationLandscapeRight";
				LD_RUNPATH_SEARCH_PATHS = (
					"$(inherited)",
					"@executable_path/Frameworks",
				);
				MARKETING_VERSION = 1.0;
				PRODUCT_BUNDLE_IDENTIFIER = "com.example.-3-GuidedProject-Habits";
				PRODUCT_NAME = "$(TARGET_NAME)";
				SWIFT_EMIT_LOC_STRINGS = YES;
				SWIFT_VERSION = 5.0;
				TARGETED_DEVICE_FAMILY = "1,2";
			};
			name = Release;
		};
/* End XCBuildConfiguration section */

/* Begin XCConfigurationList section */
		FAEF8A9F2A243B8100A8520F /* Build configuration list for PBXProject "13_GuidedProject_Habits" */ = {
			isa = XCConfigurationList;
			buildConfigurations = (
				FAEF8AB62A243B8500A8520F /* Debug */,
				FAEF8AB72A243B8500A8520F /* Release */,
			);
			defaultConfigurationIsVisible = 0;
			defaultConfigurationName = Release;
		};
		FAEF8AB82A243B8500A8520F /* Build configuration list for PBXNativeTarget "13_GuidedProject_Habits" */ = {
			isa = XCConfigurationList;
			buildConfigurations = (
				FAEF8AB92A243B8500A8520F /* Debug */,
				FAEF8ABA2A243B8500A8520F /* Release */,
			);
			defaultConfigurationIsVisible = 0;
			defaultConfigurationName = Release;
		};
/* End XCConfigurationList section */
	};
	rootObject = FAEF8A9C2A243B8100A8520F /* Project object */;
}
