// !$*UTF8*$!
{
	archiveVersion = 1;
	classes = {
	};
	objectVersion = 56;
	objects = {

/* Begin PBXBuildFile section */
		FAB905D329F8B98400FD83C1 /* AppDelegate.swift in Sources */ = {isa = PBXBuildFile; fileRef = FAB905D229F8B98400FD83C1 /* AppDelegate.swift */; };
		FAB905D529F8B98400FD83C1 /* SceneDelegate.swift in Sources */ = {isa = PBXBuildFile; fileRef = FAB905D429F8B98400FD83C1 /* SceneDelegate.swift */; };
		FAB905D729F8B98400FD83C1 /* ViewController.swift in Sources */ = {isa = PBXBuildFile; fileRef = FAB905D629F8B98400FD83C1 /* ViewController.swift */; };
		FAB905DA29F8B98400FD83C1 /* Main.storyboard in Resources */ = {isa = PBXBuildFile; fileRef = FAB905D829F8B98400FD83C1 /* Main.storyboard */; };
		FAB905DC29F8B98600FD83C1 /* Assets.xcassets in Resources */ = {isa = PBXBuildFile; fileRef = FAB905DB29F8B98600FD83C1 /* Assets.xcassets */; };
		FAB905DF29F8B98600FD83C1 /* LaunchScreen.storyboard in Resources */ = {isa = PBXBuildFile; fileRef = FAB905DD29F8B98600FD83C1 /* LaunchScreen.storyboard */; };
		FAB905E729F8BBBA00FD83C1 /* WelcomeViewController.swift in Sources */ = {isa = PBXBuildFile; fileRef = FAB905E629F8BBBA00FD83C1 /* WelcomeViewController.swift */; };
		FAB905E929F9B00800FD83C1 /* QuestionsNavigationController.swift in Sources */ = {isa = PBXBuildFile; fileRef = FAB905E829F9B00800FD83C1 /* QuestionsNavigationController.swift */; };
		FAB905EB29FA031700FD83C1 /* FoodQuestionViewController.swift in Sources */ = {isa = PBXBuildFile; fileRef = FAB905EA29FA031700FD83C1 /* FoodQuestionViewController.swift */; };
		FAB905ED29FA0EAF00FD83C1 /* QuestionsViewController.swift in Sources */ = {isa = PBXBuildFile; fileRef = FAB905EC29FA0EAF00FD83C1 /* QuestionsViewController.swift */; };
/* End PBXBuildFile section */

/* Begin PBXFileReference section */
		FAB905CF29F8B98400FD83C1 /* 07_GuidedProject2_PersonalityQuiz.app */ = {isa = PBXFileReference; explicitFileType = wrapper.application; includeInIndex = 0; path = 07_GuidedProject2_PersonalityQuiz.app; sourceTree = BUILT_PRODUCTS_DIR; };
		FAB905D229F8B98400FD83C1 /* AppDelegate.swift */ = {isa = PBXFileReference; lastKnownFileType = sourcecode.swift; path = AppDelegate.swift; sourceTree = "<group>"; };
		FAB905D429F8B98400FD83C1 /* SceneDelegate.swift */ = {isa = PBXFileReference; lastKnownFileType = sourcecode.swift; path = SceneDelegate.swift; sourceTree = "<group>"; };
		FAB905D629F8B98400FD83C1 /* ViewController.swift */ = {isa = PBXFileReference; lastKnownFileType = sourcecode.swift; path = ViewController.swift; sourceTree = "<group>"; };
		FAB905D929F8B98400FD83C1 /* Base */ = {isa = PBXFileReference; lastKnownFileType = file.storyboard; name = Base; path = Base.lproj/Main.storyboard; sourceTree = "<group>"; };
		FAB905DB29F8B98600FD83C1 /* Assets.xcassets */ = {isa = PBXFileReference; lastKnownFileType = folder.assetcatalog; path = Assets.xcassets; sourceTree = "<group>"; };
		FAB905DE29F8B98600FD83C1 /* Base */ = {isa = PBXFileReference; lastKnownFileType = file.storyboard; name = Base; path = Base.lproj/LaunchScreen.storyboard; sourceTree = "<group>"; };
		FAB905E029F8B98600FD83C1 /* Info.plist */ = {isa = PBXFileReference; lastKnownFileType = text.plist.xml; path = Info.plist; sourceTree = "<group>"; };
		FAB905E629F8BBBA00FD83C1 /* WelcomeViewController.swift */ = {isa = PBXFileReference; lastKnownFileType = sourcecode.swift; path = WelcomeViewController.swift; sourceTree = "<group>"; };
		FAB905E829F9B00800FD83C1 /* QuestionsNavigationController.swift */ = {isa = PBXFileReference; lastKnownFileType = sourcecode.swift; path = QuestionsNavigationController.swift; sourceTree = "<group>"; };
		FAB905EA29FA031700FD83C1 /* FoodQuestionViewController.swift */ = {isa = PBXFileReference; lastKnownFileType = sourcecode.swift; path = FoodQuestionViewController.swift; sourceTree = "<group>"; };
		FAB905EC29FA0EAF00FD83C1 /* QuestionsViewController.swift */ = {isa = PBXFileReference; lastKnownFileType = sourcecode.swift; path = QuestionsViewController.swift; sourceTree = "<group>"; };
/* End PBXFileReference section */

/* Begin PBXFrameworksBuildPhase section */
		FAB905CC29F8B98400FD83C1 /* Frameworks */ = {
			isa = PBXFrameworksBuildPhase;
			buildActionMask = 2147483647;
			files = (
			);
			runOnlyForDeploymentPostprocessing = 0;
		};
/* End PBXFrameworksBuildPhase section */

/* Begin PBXGroup section */
		FAB905C629F8B98400FD83C1 = {
			isa = PBXGroup;
			children = (
				FAB905D129F8B98400FD83C1 /* 07_GuidedProject2_PersonalityQuiz */,
				FAB905D029F8B98400FD83C1 /* Products */,
			);
			sourceTree = "<group>";
		};
		FAB905D029F8B98400FD83C1 /* Products */ = {
			isa = PBXGroup;
			children = (
				FAB905CF29F8B98400FD83C1 /* 07_GuidedProject2_PersonalityQuiz.app */,
			);
			name = Products;
			sourceTree = "<group>";
		};
		FAB905D129F8B98400FD83C1 /* 07_GuidedProject2_PersonalityQuiz */ = {
			isa = PBXGroup;
			children = (
				FAB905EA29FA031700FD83C1 /* FoodQuestionViewController.swift */,
				FAB905EC29FA0EAF00FD83C1 /* QuestionsViewController.swift */,
				FAB905E829F9B00800FD83C1 /* QuestionsNavigationController.swift */,
				FAB905D229F8B98400FD83C1 /* AppDelegate.swift */,
				FAB905D429F8B98400FD83C1 /* SceneDelegate.swift */,
				FAB905D629F8B98400FD83C1 /* ViewController.swift */,
				FAB905E629F8BBBA00FD83C1 /* WelcomeViewController.swift */,
				FAB905D829F8B98400FD83C1 /* Main.storyboard */,
				FAB905DB29F8B98600FD83C1 /* Assets.xcassets */,
				FAB905DD29F8B98600FD83C1 /* LaunchScreen.storyboard */,
				FAB905E029F8B98600FD83C1 /* Info.plist */,
			);
			path = 07_GuidedProject2_PersonalityQuiz;
			sourceTree = "<group>";
		};
/* End PBXGroup section */

/* Begin PBXNativeTarget section */
		FAB905CE29F8B98400FD83C1 /* 07_GuidedProject2_PersonalityQuiz */ = {
			isa = PBXNativeTarget;
			buildConfigurationList = FAB905E329F8B98600FD83C1 /* Build configuration list for PBXNativeTarget "07_GuidedProject2_PersonalityQuiz" */;
			buildPhases = (
				FAB905CB29F8B98400FD83C1 /* Sources */,
				FAB905CC29F8B98400FD83C1 /* Frameworks */,
				FAB905CD29F8B98400FD83C1 /* Resources */,
			);
			buildRules = (
			);
			dependencies = (
			);
			name = 07_GuidedProject2_PersonalityQuiz;
			productName = 07_GuidedProject2_PersonalityQuiz;
			productReference = FAB905CF29F8B98400FD83C1 /* 07_GuidedProject2_PersonalityQuiz.app */;
			productType = "com.apple.product-type.application";
		};
/* End PBXNativeTarget section */

/* Begin PBXProject section */
		FAB905C729F8B98400FD83C1 /* Project object */ = {
			isa = PBXProject;
			attributes = {
				BuildIndependentTargetsInParallel = 1;
				LastSwiftUpdateCheck = 1420;
				LastUpgradeCheck = 1420;
				TargetAttributes = {
					FAB905CE29F8B98400FD83C1 = {
						CreatedOnToolsVersion = 14.2;
					};
				};
			};
			buildConfigurationList = FAB905CA29F8B98400FD83C1 /* Build configuration list for PBXProject "07_GuidedProject2_PersonalityQuiz" */;
			compatibilityVersion = "Xcode 14.0";
			developmentRegion = en;
			hasScannedForEncodings = 0;
			knownRegions = (
				en,
				Base,
			);
			mainGroup = FAB905C629F8B98400FD83C1;
			productRefGroup = FAB905D029F8B98400FD83C1 /* Products */;
			projectDirPath = "";
			projectRoot = "";
			targets = (
				FAB905CE29F8B98400FD83C1 /* 07_GuidedProject2_PersonalityQuiz */,
			);
		};
/* End PBXProject section */

/* Begin PBXResourcesBuildPhase section */
		FAB905CD29F8B98400FD83C1 /* Resources */ = {
			isa = PBXResourcesBuildPhase;
			buildActionMask = 2147483647;
			files = (
				FAB905DF29F8B98600FD83C1 /* LaunchScreen.storyboard in Resources */,
				FAB905DC29F8B98600FD83C1 /* Assets.xcassets in Resources */,
				FAB905DA29F8B98400FD83C1 /* Main.storyboard in Resources */,
			);
			runOnlyForDeploymentPostprocessing = 0;
		};
/* End PBXResourcesBuildPhase section */

/* Begin PBXSourcesBuildPhase section */
		FAB905CB29F8B98400FD83C1 /* Sources */ = {
			isa = PBXSourcesBuildPhase;
			buildActionMask = 2147483647;
			files = (
				FAB905D729F8B98400FD83C1 /* ViewController.swift in Sources */,
				FAB905ED29FA0EAF00FD83C1 /* QuestionsViewController.swift in Sources */,
				FAB905E929F9B00800FD83C1 /* QuestionsNavigationController.swift in Sources */,
				FAB905E729F8BBBA00FD83C1 /* WelcomeViewController.swift in Sources */,
				FAB905D329F8B98400FD83C1 /* AppDelegate.swift in Sources */,
				FAB905D529F8B98400FD83C1 /* SceneDelegate.swift in Sources */,
				FAB905EB29FA031700FD83C1 /* FoodQuestionViewController.swift in Sources */,
			);
			runOnlyForDeploymentPostprocessing = 0;
		};
/* End PBXSourcesBuildPhase section */

/* Begin PBXVariantGroup section */
		FAB905D829F8B98400FD83C1 /* Main.storyboard */ = {
			isa = PBXVariantGroup;
			children = (
				FAB905D929F8B98400FD83C1 /* Base */,
			);
			name = Main.storyboard;
			sourceTree = "<group>";
		};
		FAB905DD29F8B98600FD83C1 /* LaunchScreen.storyboard */ = {
			isa = PBXVariantGroup;
			children = (
				FAB905DE29F8B98600FD83C1 /* Base */,
			);
			name = LaunchScreen.storyboard;
			sourceTree = "<group>";
		};
/* End PBXVariantGroup section */

/* Begin XCBuildConfiguration section */
		FAB905E129F8B98600FD83C1 /* Debug */ = {
			isa = XCBuildConfiguration;
			buildSettings = {
				ALWAYS_SEARCH_USER_PATHS = NO;
				CLANG_ANALYZER_NONNULL = YES;
				CLANG_ANALYZER_NUMBER_OBJECT_CONVERSION = YES_AGGRESSIVE;
				CLANG_CXX_LANGUAGE_STANDARD = "gnu++20";
				CLANG_ENABLE_MODULES = YES;
				CLANG_ENABLE_OBJC_ARC = YES;
				CLANG_ENABLE_OBJC_WEAK = YES;
				CLANG_WARN_BLOCK_CAPTURE_AUTORELEASING = YES;
				CLANG_WARN_BOOL_CONVERSION = YES;
				CLANG_WARN_COMMA = YES;
				CLANG_WARN_CONSTANT_CONVERSION = YES;
				CLANG_WARN_DEPRECATED_OBJC_IMPLEMENTATIONS = YES;
				CLANG_WARN_DIRECT_OBJC_ISA_USAGE = YES_ERROR;
				CLANG_WARN_DOCUMENTATION_COMMENTS = YES;
				CLANG_WARN_EMPTY_BODY = YES;
				CLANG_WARN_ENUM_CONVERSION = YES;
				CLANG_WARN_INFINITE_RECURSION = YES;
				CLANG_WARN_INT_CONVERSION = YES;
				CLANG_WARN_NON_LITERAL_NULL_CONVERSION = YES;
				CLANG_WARN_OBJC_IMPLICIT_RETAIN_SELF = YES;
				CLANG_WARN_OBJC_LITERAL_CONVERSION = YES;
				CLANG_WARN_OBJC_ROOT_CLASS = YES_ERROR;
				CLANG_WARN_QUOTED_INCLUDE_IN_FRAMEWORK_HEADER = YES;
				CLANG_WARN_RANGE_LOOP_ANALYSIS = YES;
				CLANG_WARN_STRICT_PROTOTYPES = YES;
				CLANG_WARN_SUSPICIOUS_MOVE = YES;
				CLANG_WARN_UNGUARDED_AVAILABILITY = YES_AGGRESSIVE;
				CLANG_WARN_UNREACHABLE_CODE = YES;
				CLANG_WARN__DUPLICATE_METHOD_MATCH = YES;
				COPY_PHASE_STRIP = NO;
				DEBUG_INFORMATION_FORMAT = dwarf;
				ENABLE_STRICT_OBJC_MSGSEND = YES;
				ENABLE_TESTABILITY = YES;
				GCC_C_LANGUAGE_STANDARD = gnu11;
				GCC_DYNAMIC_NO_PIC = NO;
				GCC_NO_COMMON_BLOCKS = YES;
				GCC_OPTIMIZATION_LEVEL = 0;
				GCC_PREPROCESSOR_DEFINITIONS = (
					"DEBUG=1",
					"$(inherited)",
				);
				GCC_WARN_64_TO_32_BIT_CONVERSION = YES;
				GCC_WARN_ABOUT_RETURN_TYPE = YES_ERROR;
				GCC_WARN_UNDECLARED_SELECTOR = YES;
				GCC_WARN_UNINITIALIZED_AUTOS = YES_AGGRESSIVE;
				GCC_WARN_UNUSED_FUNCTION = YES;
				GCC_WARN_UNUSED_VARIABLE = YES;
				IPHONEOS_DEPLOYMENT_TARGET = 16.2;
				MTL_ENABLE_DEBUG_INFO = INCLUDE_SOURCE;
				MTL_FAST_MATH = YES;
				ONLY_ACTIVE_ARCH = YES;
				SDKROOT = iphoneos;
				SWIFT_ACTIVE_COMPILATION_CONDITIONS = DEBUG;
				SWIFT_OPTIMIZATION_LEVEL = "-Onone";
			};
			name = Debug;
		};
		FAB905E229F8B98600FD83C1 /* Release */ = {
			isa = XCBuildConfiguration;
			buildSettings = {
				ALWAYS_SEARCH_USER_PATHS = NO;
				CLANG_ANALYZER_NONNULL = YES;
				CLANG_ANALYZER_NUMBER_OBJECT_CONVERSION = YES_AGGRESSIVE;
				CLANG_CXX_LANGUAGE_STANDARD = "gnu++20";
				CLANG_ENABLE_MODULES = YES;
				CLANG_ENABLE_OBJC_ARC = YES;
				CLANG_ENABLE_OBJC_WEAK = YES;
				CLANG_WARN_BLOCK_CAPTURE_AUTORELEASING = YES;
				CLANG_WARN_BOOL_CONVERSION = YES;
				CLANG_WARN_COMMA = YES;
				CLANG_WARN_CONSTANT_CONVERSION = YES;
				CLANG_WARN_DEPRECATED_OBJC_IMPLEMENTATIONS = YES;
				CLANG_WARN_DIRECT_OBJC_ISA_USAGE = YES_ERROR;
				CLANG_WARN_DOCUMENTATION_COMMENTS = YES;
				CLANG_WARN_EMPTY_BODY = YES;
				CLANG_WARN_ENUM_CONVERSION = YES;
				CLANG_WARN_INFINITE_RECURSION = YES;
				CLANG_WARN_INT_CONVERSION = YES;
				CLANG_WARN_NON_LITERAL_NULL_CONVERSION = YES;
				CLANG_WARN_OBJC_IMPLICIT_RETAIN_SELF = YES;
				CLANG_WARN_OBJC_LITERAL_CONVERSION = YES;
				CLANG_WARN_OBJC_ROOT_CLASS = YES_ERROR;
				CLANG_WARN_QUOTED_INCLUDE_IN_FRAMEWORK_HEADER = YES;
				CLANG_WARN_RANGE_LOOP_ANALYSIS = YES;
				CLANG_WARN_STRICT_PROTOTYPES = YES;
				CLANG_WARN_SUSPICIOUS_MOVE = YES;
				CLANG_WARN_UNGUARDED_AVAILABILITY = YES_AGGRESSIVE;
				CLANG_WARN_UNREACHABLE_CODE = YES;
				CLANG_WARN__DUPLICATE_METHOD_MATCH = YES;
				COPY_PHASE_STRIP = NO;
				DEBUG_INFORMATION_FORMAT = "dwarf-with-dsym";
				ENABLE_NS_ASSERTIONS = NO;
				ENABLE_STRICT_OBJC_MSGSEND = YES;
				GCC_C_LANGUAGE_STANDARD = gnu11;
				GCC_NO_COMMON_BLOCKS = YES;
				GCC_WARN_64_TO_32_BIT_CONVERSION = YES;
				GCC_WARN_ABOUT_RETURN_TYPE = YES_ERROR;
				GCC_WARN_UNDECLARED_SELECTOR = YES;
				GCC_WARN_UNINITIALIZED_AUTOS = YES_AGGRESSIVE;
				GCC_WARN_UNUSED_FUNCTION = YES;
				GCC_WARN_UNUSED_VARIABLE = YES;
				IPHONEOS_DEPLOYMENT_TARGET = 16.2;
				MTL_ENABLE_DEBUG_INFO = NO;
				MTL_FAST_MATH = YES;
				SDKROOT = iphoneos;
				SWIFT_COMPILATION_MODE = wholemodule;
				SWIFT_OPTIMIZATION_LEVEL = "-O";
				VALIDATE_PRODUCT = YES;
			};
			name = Release;
		};
		FAB905E429F8B98600FD83C1 /* Debug */ = {
			isa = XCBuildConfiguration;
			buildSettings = {
				ASSETCATALOG_COMPILER_APPICON_NAME = AppIcon;
				ASSETCATALOG_COMPILER_GLOBAL_ACCENT_COLOR_NAME = AccentColor;
				CODE_SIGN_STYLE = Automatic;
				CURRENT_PROJECT_VERSION = 1;
				DEVELOPMENT_TEAM = HW92X87TAX;
				GENERATE_INFOPLIST_FILE = YES;
				INFOPLIST_FILE = 07_GuidedProject2_PersonalityQuiz/Info.plist;
				INFOPLIST_KEY_UIApplicationSupportsIndirectInputEvents = YES;
				INFOPLIST_KEY_UILaunchStoryboardName = LaunchScreen;
				INFOPLIST_KEY_UIMainStoryboardFile = Main;
				INFOPLIST_KEY_UISupportedInterfaceOrientations_iPad = "UIInterfaceOrientationPortrait UIInterfaceOrientationPortraitUpsideDown UIInterfaceOrientationLandscapeLeft UIInterfaceOrientationLandscapeRight";
				INFOPLIST_KEY_UISupportedInterfaceOrientations_iPhone = "UIInterfaceOrientationPortrait UIInterfaceOrientationLandscapeLeft UIInterfaceOrientationLandscapeRight";
				IPHONEOS_DEPLOYMENT_TARGET = 16.1;
				LD_RUNPATH_SEARCH_PATHS = (
					"$(inherited)",
					"@executable_path/Frameworks",
				);
				MARKETING_VERSION = 1.0;
				PRODUCT_BUNDLE_IDENTIFIER = "com.example.-7-GuidedProject2-PersonalityQuiz";
				PRODUCT_NAME = "$(TARGET_NAME)";
				SWIFT_EMIT_LOC_STRINGS = YES;
				SWIFT_VERSION = 5.0;
				TARGETED_DEVICE_FAMILY = "1,2";
			};
			name = Debug;
		};
		FAB905E529F8B98600FD83C1 /* Release */ = {
			isa = XCBuildConfiguration;
			buildSettings = {
				ASSETCATALOG_COMPILER_APPICON_NAME = AppIcon;
				ASSETCATALOG_COMPILER_GLOBAL_ACCENT_COLOR_NAME = AccentColor;
				CODE_SIGN_STYLE = Automatic;
				CURRENT_PROJECT_VERSION = 1;
				DEVELOPMENT_TEAM = HW92X87TAX;
				GENERATE_INFOPLIST_FILE = YES;
				INFOPLIST_FILE = 07_GuidedProject2_PersonalityQuiz/Info.plist;
				INFOPLIST_KEY_UIApplicationSupportsIndirectInputEvents = YES;
				INFOPLIST_KEY_UILaunchStoryboardName = LaunchScreen;
				INFOPLIST_KEY_UIMainStoryboardFile = Main;
				INFOPLIST_KEY_UISupportedInterfaceOrientations_iPad = "UIInterfaceOrientationPortrait UIInterfaceOrientationPortraitUpsideDown UIInterfaceOrientationLandscapeLeft UIInterfaceOrientationLandscapeRight";
				INFOPLIST_KEY_UISupportedInterfaceOrientations_iPhone = "UIInterfaceOrientationPortrait UIInterfaceOrientationLandscapeLeft UIInterfaceOrientationLandscapeRight";
				IPHONEOS_DEPLOYMENT_TARGET = 16.1;
				LD_RUNPATH_SEARCH_PATHS = (
					"$(inherited)",
					"@executable_path/Frameworks",
				);
				MARKETING_VERSION = 1.0;
				PRODUCT_BUNDLE_IDENTIFIER = "com.example.-7-GuidedProject2-PersonalityQuiz";
				PRODUCT_NAME = "$(TARGET_NAME)";
				SWIFT_EMIT_LOC_STRINGS = YES;
				SWIFT_VERSION = 5.0;
				TARGETED_DEVICE_FAMILY = "1,2";
			};
			name = Release;
		};
/* End XCBuildConfiguration section */

/* Begin XCConfigurationList section */
		FAB905CA29F8B98400FD83C1 /* Build configuration list for PBXProject "07_GuidedProject2_PersonalityQuiz" */ = {
			isa = XCConfigurationList;
			buildConfigurations = (
				FAB905E129F8B98600FD83C1 /* Debug */,
				FAB905E229F8B98600FD83C1 /* Release */,
			);
			defaultConfigurationIsVisible = 0;
			defaultConfigurationName = Release;
		};
		FAB905E329F8B98600FD83C1 /* Build configuration list for PBXNativeTarget "07_GuidedProject2_PersonalityQuiz" */ = {
			isa = XCConfigurationList;
			buildConfigurations = (
				FAB905E429F8B98600FD83C1 /* Debug */,
				FAB905E529F8B98600FD83C1 /* Release */,
			);
			defaultConfigurationIsVisible = 0;
			defaultConfigurationName = Release;
		};
/* End XCConfigurationList section */
	};
	rootObject = FAB905C729F8B98400FD83C1 /* Project object */;
}
